
Microsoft Visual Studio Solution File, Format Version 12.00
# Visual Studio Version 16
VisualStudioVersion = 16.0.36227.6
MinimumVisualStudioVersion = 10.0.40219.1
Project("{8BC9CEB8-8B4A-11D0-8D11-00A0C91BC942}") = "Self-test", "Self-test\Self-test.vcxproj", "{6A9F8577-24CD-43C8-A474-605E8E1A2E13}"
EndProject
Project("{8BC9CEB8-8B4A-11D0-8D11-00A0C91BC942}") = "Dereference a pointer to an array", "Dereference a pointer to an array\Dereference a pointer to an array.vcxproj", "{86D4A227-6B24-4CB0-AD58-A3DC1B4A881D}"
EndProject
Project("{8BC9CEB8-8B4A-11D0-8D11-00A0C91BC942}") = "Array name", "Array name\Array name.vcxproj", "{97093C95-96F2-4752-BDB8-2349F445247A}"
EndProject
Project("{8BC9CEB8-8B4A-11D0-8D11-00A0C91BC942}") = "sizeof array_name", "sizeof array_name\sizeof array_name.vcxproj", "{1BAE2ABB-F118-4953-907D-AAE1E5376B4E}"
EndProject
Project("{8BC9CEB8-8B4A-11D0-8D11-00A0C91BC942}") = "5.6 Pointers to Pointers", "5.6 Pointers to Pointers\5.6 Pointers to Pointers.vcxproj", "{C0F11C0C-AECC-43A4-B7D4-5A343BB77423}"
EndProject
Project("{8BC9CEB8-8B4A-11D0-8D11-00A0C91BC942}") = "Dereference a pointer to an array 2", "Dereference a pointer to an array 2\Dereference a pointer to an array 2.vcxproj", "{4278CE1C-9E23-4651-8283-BF3827BAE68B}"
EndProject
Project("{8BC9CEB8-8B4A-11D0-8D11-00A0C91BC942}") = "Dereference a pointer to an array 3", "Dereference a pointer to an array 3\Dereference a pointer to an array 3.vcxproj", "{683201B9-E8F8-4D88-9365-EBE982E5F452}"
EndProject
Project("{8BC9CEB8-8B4A-11D0-8D11-00A0C91BC942}") = "2.4 Declaration - const 9-0-9-1", "2.4 Declaration - const 9-0-9-1\2.4 Declaration - const 9-0-9-1.vcxproj", "{D55534E1-9E08-4413-B7D7-98116321BB76}"
EndProject
Project("{8BC9CEB8-8B4A-11D0-8D11-00A0C91BC942}") = "2.4 Declaration - const 9-0-9", "2.4 Declaration - const 9-0-9\2.4 Declaration - const 9-0-9.vcxproj", "{EF907F76-4ACD-4E27-9F6B-A8FC5AE80574}"
EndProject
Project("{8BC9CEB8-8B4A-11D0-8D11-00A0C91BC942}") = "2.4 Declaration - const 9-0-9-0", "2.4 Declaration - const 9-0-9-0\2.4 Declaration - const 9-0-9-0.vcxproj", "{1F649E49-7B18-40E4-A19E-FB1EF1A4CD07}"
EndProject
Project("{8BC9CEB8-8B4A-11D0-8D11-00A0C91BC942}") = "Example 5-8", "Example 5-8\Example 5-8.vcxproj", "{5D2947A8-D079-4A36-A05F-6052BDCC4874}"
EndProject
Project("{8BC9CEB8-8B4A-11D0-8D11-00A0C91BC942}") = "Example 5-8-2", "Example 5-8-2\Example 5-8-2.vcxproj", "{8DE953E5-A9CC-4B17-BC1A-EAD2173A1A90}"
EndProject
Project("{8BC9CEB8-8B4A-11D0-8D11-00A0C91BC942}") = "Example 5-8-3", "Example 5-8-3\Example 5-8-3.vcxproj", "{2218451C-2390-482A-9091-0253D78548EA}"
EndProject
Project("{8BC9CEB8-8B4A-11D0-8D11-00A0C91BC942}") = "Example 5-8-4", "Example 5-8-4\Example 5-8-4.vcxproj", "{8CA27E7D-3E1B-4F48-9FC3-928F99C9279C}"
EndProject
Project("{8BC9CEB8-8B4A-11D0-8D11-00A0C91BC942}") = "2.4 Declaration - const 9-0-9-0-1", "2.4 Declaration - const 9-0-9-0-1\2.4 Declaration - const 9-0-9-0-1.vcxproj", "{A088BD2F-A9F2-42A9-887A-3B40D58C941A}"
EndProject
Project("{8BC9CEB8-8B4A-11D0-8D11-00A0C91BC942}") = "2.4 Declaration - const 9-0-9-0-2", "2.4 Declaration - const 9-0-9-0-2\2.4 Declaration - const 9-0-9-0-2.vcxproj", "{BEF5C2CE-E3EC-4E55-A18E-13C39406AAD0}"
EndProject
Project("{8BC9CEB8-8B4A-11D0-8D11-00A0C91BC942}") = "2.4 Declaration 9-0-9-0-3", "2.4 Declaration 9-0-9-0-3\2.4 Declaration 9-0-9-0-3.vcxproj", "{31F182EE-56F9-4071-BF78-009DBF39E618}"
EndProject
Project("{8BC9CEB8-8B4A-11D0-8D11-00A0C91BC942}") = "2.4 Declaration - const 9-0-9-0-3", "2.4 Declaration - const 9-0-9-0-3\2.4 Declaration - const 9-0-9-0-3.vcxproj", "{AAA45AEF-A8F2-442D-A858-FCC44B08408D}"
EndProject
Project("{8BC9CEB8-8B4A-11D0-8D11-00A0C91BC942}") = "A pointer to a 2D array", "A pointer to a 2D array\A pointer to a 2D array.vcxproj", "{B8AB6355-5EA9-4F65-9374-426277A93173}"
EndProject
Project("{8BC9CEB8-8B4A-11D0-8D11-00A0C91BC942}") = "5.8 Initialization of Pointer Arrays", "5.8 Initialization of Pointer Arrays\5.8 Initialization of Pointer Arrays.vcxproj", "{A4734189-A221-4EFC-8901-827775632A8B}"
EndProject
Project("{8BC9CEB8-8B4A-11D0-8D11-00A0C91BC942}") = "5.8 Initialization of Pointer Array", "5.8 Initialization of Pointer Array\5.8 Initialization of Pointer Array.vcxproj", "{EA3D3864-6FCA-476B-839D-7C408E3A51DB}"
EndProject
Global
	GlobalSection(SolutionConfigurationPlatforms) = preSolution
		Debug|x64 = Debug|x64
		Debug|x86 = Debug|x86
		Release|x64 = Release|x64
		Release|x86 = Release|x86
	EndGlobalSection
	GlobalSection(ProjectConfigurationPlatforms) = postSolution
		{6A9F8577-24CD-43C8-A474-605E8E1A2E13}.Debug|x64.ActiveCfg = Debug|x64
		{6A9F8577-24CD-43C8-A474-605E8E1A2E13}.Debug|x64.Build.0 = Debug|x64
		{6A9F8577-24CD-43C8-A474-605E8E1A2E13}.Debug|x86.ActiveCfg = Debug|Win32
		{6A9F8577-24CD-43C8-A474-605E8E1A2E13}.Debug|x86.Build.0 = Debug|Win32
		{6A9F8577-24CD-43C8-A474-605E8E1A2E13}.Release|x64.ActiveCfg = Release|x64
		{6A9F8577-24CD-43C8-A474-605E8E1A2E13}.Release|x64.Build.0 = Release|x64
		{6A9F8577-24CD-43C8-A474-605E8E1A2E13}.Release|x86.ActiveCfg = Release|Win32
		{6A9F8577-24CD-43C8-A474-605E8E1A2E13}.Release|x86.Build.0 = Release|Win32
		{86D4A227-6B24-4CB0-AD58-A3DC1B4A881D}.Debug|x64.ActiveCfg = Debug|x64
		{86D4A227-6B24-4CB0-AD58-A3DC1B4A881D}.Debug|x64.Build.0 = Debug|x64
		{86D4A227-6B24-4CB0-AD58-A3DC1B4A881D}.Debug|x86.ActiveCfg = Debug|Win32
		{86D4A227-6B24-4CB0-AD58-A3DC1B4A881D}.Debug|x86.Build.0 = Debug|Win32
		{86D4A227-6B24-4CB0-AD58-A3DC1B4A881D}.Release|x64.ActiveCfg = Release|x64
		{86D4A227-6B24-4CB0-AD58-A3DC1B4A881D}.Release|x64.Build.0 = Release|x64
		{86D4A227-6B24-4CB0-AD58-A3DC1B4A881D}.Release|x86.ActiveCfg = Release|Win32
		{86D4A227-6B24-4CB0-AD58-A3DC1B4A881D}.Release|x86.Build.0 = Release|Win32
		{97093C95-96F2-4752-BDB8-2349F445247A}.Debug|x64.ActiveCfg = Debug|x64
		{97093C95-96F2-4752-BDB8-2349F445247A}.Debug|x64.Build.0 = Debug|x64
		{97093C95-96F2-4752-BDB8-2349F445247A}.Debug|x86.ActiveCfg = Debug|Win32
		{97093C95-96F2-4752-BDB8-2349F445247A}.Debug|x86.Build.0 = Debug|Win32
		{97093C95-96F2-4752-BDB8-2349F445247A}.Release|x64.ActiveCfg = Release|x64
		{97093C95-96F2-4752-BDB8-2349F445247A}.Release|x64.Build.0 = Release|x64
		{97093C95-96F2-4752-BDB8-2349F445247A}.Release|x86.ActiveCfg = Release|Win32
		{97093C95-96F2-4752-BDB8-2349F445247A}.Release|x86.Build.0 = Release|Win32
		{1BAE2ABB-F118-4953-907D-AAE1E5376B4E}.Debug|x64.ActiveCfg = Debug|x64
		{1BAE2ABB-F118-4953-907D-AAE1E5376B4E}.Debug|x64.Build.0 = Debug|x64
		{1BAE2ABB-F118-4953-907D-AAE1E5376B4E}.Debug|x86.ActiveCfg = Debug|Win32
		{1BAE2ABB-F118-4953-907D-AAE1E5376B4E}.Debug|x86.Build.0 = Debug|Win32
		{1BAE2ABB-F118-4953-907D-AAE1E5376B4E}.Release|x64.ActiveCfg = Release|x64
		{1BAE2ABB-F118-4953-907D-AAE1E5376B4E}.Release|x64.Build.0 = Release|x64
		{1BAE2ABB-F118-4953-907D-AAE1E5376B4E}.Release|x86.ActiveCfg = Release|Win32
		{1BAE2ABB-F118-4953-907D-AAE1E5376B4E}.Release|x86.Build.0 = Release|Win32
		{C0F11C0C-AECC-43A4-B7D4-5A343BB77423}.Debug|x64.ActiveCfg = Debug|x64
		{C0F11C0C-AECC-43A4-B7D4-5A343BB77423}.Debug|x64.Build.0 = Debug|x64
		{C0F11C0C-AECC-43A4-B7D4-5A343BB77423}.Debug|x86.ActiveCfg = Debug|Win32
		{C0F11C0C-AECC-43A4-B7D4-5A343BB77423}.Debug|x86.Build.0 = Debug|Win32
		{C0F11C0C-AECC-43A4-B7D4-5A343BB77423}.Release|x64.ActiveCfg = Release|x64
		{C0F11C0C-AECC-43A4-B7D4-5A343BB77423}.Release|x64.Build.0 = Release|x64
		{C0F11C0C-AECC-43A4-B7D4-5A343BB77423}.Release|x86.ActiveCfg = Release|Win32
		{C0F11C0C-AECC-43A4-B7D4-5A343BB77423}.Release|x86.Build.0 = Release|Win32
		{4278CE1C-9E23-4651-8283-BF3827BAE68B}.Debug|x64.ActiveCfg = Debug|x64
		{4278CE1C-9E23-4651-8283-BF3827BAE68B}.Debug|x64.Build.0 = Debug|x64
		{4278CE1C-9E23-4651-8283-BF3827BAE68B}.Debug|x86.ActiveCfg = Debug|Win32
		{4278CE1C-9E23-4651-8283-BF3827BAE68B}.Debug|x86.Build.0 = Debug|Win32
		{4278CE1C-9E23-4651-8283-BF3827BAE68B}.Release|x64.ActiveCfg = Release|x64
		{4278CE1C-9E23-4651-8283-BF3827BAE68B}.Release|x64.Build.0 = Release|x64
		{4278CE1C-9E23-4651-8283-BF3827BAE68B}.Release|x86.ActiveCfg = Release|Win32
		{4278CE1C-9E23-4651-8283-BF3827BAE68B}.Release|x86.Build.0 = Release|Win32
		{683201B9-E8F8-4D88-9365-EBE982E5F452}.Debug|x64.ActiveCfg = Debug|x64
		{683201B9-E8F8-4D88-9365-EBE982E5F452}.Debug|x64.Build.0 = Debug|x64
		{683201B9-E8F8-4D88-9365-EBE982E5F452}.Debug|x86.ActiveCfg = Debug|Win32
		{683201B9-E8F8-4D88-9365-EBE982E5F452}.Debug|x86.Build.0 = Debug|Win32
		{683201B9-E8F8-4D88-9365-EBE982E5F452}.Release|x64.ActiveCfg = Release|x64
		{683201B9-E8F8-4D88-9365-EBE982E5F452}.Release|x64.Build.0 = Release|x64
		{683201B9-E8F8-4D88-9365-EBE982E5F452}.Release|x86.ActiveCfg = Release|Win32
		{683201B9-E8F8-4D88-9365-EBE982E5F452}.Release|x86.Build.0 = Release|Win32
		{D55534E1-9E08-4413-B7D7-98116321BB76}.Debug|x64.ActiveCfg = Debug|x64
		{D55534E1-9E08-4413-B7D7-98116321BB76}.Debug|x64.Build.0 = Debug|x64
		{D55534E1-9E08-4413-B7D7-98116321BB76}.Debug|x86.ActiveCfg = Debug|Win32
		{D55534E1-9E08-4413-B7D7-98116321BB76}.Debug|x86.Build.0 = Debug|Win32
		{D55534E1-9E08-4413-B7D7-98116321BB76}.Release|x64.ActiveCfg = Release|x64
		{D55534E1-9E08-4413-B7D7-98116321BB76}.Release|x64.Build.0 = Release|x64
		{D55534E1-9E08-4413-B7D7-98116321BB76}.Release|x86.ActiveCfg = Release|Win32
		{D55534E1-9E08-4413-B7D7-98116321BB76}.Release|x86.Build.0 = Release|Win32
		{EF907F76-4ACD-4E27-9F6B-A8FC5AE80574}.Debug|x64.ActiveCfg = Debug|x64
		{EF907F76-4ACD-4E27-9F6B-A8FC5AE80574}.Debug|x64.Build.0 = Debug|x64
		{EF907F76-4ACD-4E27-9F6B-A8FC5AE80574}.Debug|x86.ActiveCfg = Debug|Win32
		{EF907F76-4ACD-4E27-9F6B-A8FC5AE80574}.Debug|x86.Build.0 = Debug|Win32
		{EF907F76-4ACD-4E27-9F6B-A8FC5AE80574}.Release|x64.ActiveCfg = Release|x64
		{EF907F76-4ACD-4E27-9F6B-A8FC5AE80574}.Release|x64.Build.0 = Release|x64
		{EF907F76-4ACD-4E27-9F6B-A8FC5AE80574}.Release|x86.ActiveCfg = Release|Win32
		{EF907F76-4ACD-4E27-9F6B-A8FC5AE80574}.Release|x86.Build.0 = Release|Win32
		{1F649E49-7B18-40E4-A19E-FB1EF1A4CD07}.Debug|x64.ActiveCfg = Debug|x64
		{1F649E49-7B18-40E4-A19E-FB1EF1A4CD07}.Debug|x64.Build.0 = Debug|x64
		{1F649E49-7B18-40E4-A19E-FB1EF1A4CD07}.Debug|x86.ActiveCfg = Debug|Win32
		{1F649E49-7B18-40E4-A19E-FB1EF1A4CD07}.Debug|x86.Build.0 = Debug|Win32
		{1F649E49-7B18-40E4-A19E-FB1EF1A4CD07}.Release|x64.ActiveCfg = Release|x64
		{1F649E49-7B18-40E4-A19E-FB1EF1A4CD07}.Release|x64.Build.0 = Release|x64
		{1F649E49-7B18-40E4-A19E-FB1EF1A4CD07}.Release|x86.ActiveCfg = Release|Win32
		{1F649E49-7B18-40E4-A19E-FB1EF1A4CD07}.Release|x86.Build.0 = Release|Win32
		{5D2947A8-D079-4A36-A05F-6052BDCC4874}.Debug|x64.ActiveCfg = Debug|x64
		{5D2947A8-D079-4A36-A05F-6052BDCC4874}.Debug|x64.Build.0 = Debug|x64
		{5D2947A8-D079-4A36-A05F-6052BDCC4874}.Debug|x86.ActiveCfg = Debug|Win32
		{5D2947A8-D079-4A36-A05F-6052BDCC4874}.Debug|x86.Build.0 = Debug|Win32
		{5D2947A8-D079-4A36-A05F-6052BDCC4874}.Release|x64.ActiveCfg = Release|x64
		{5D2947A8-D079-4A36-A05F-6052BDCC4874}.Release|x64.Build.0 = Release|x64
		{5D2947A8-D079-4A36-A05F-6052BDCC4874}.Release|x86.ActiveCfg = Release|Win32
		{5D2947A8-D079-4A36-A05F-6052BDCC4874}.Release|x86.Build.0 = Release|Win32
		{8DE953E5-A9CC-4B17-BC1A-EAD2173A1A90}.Debug|x64.ActiveCfg = Debug|x64
		{8DE953E5-A9CC-4B17-BC1A-EAD2173A1A90}.Debug|x64.Build.0 = Debug|x64
		{8DE953E5-A9CC-4B17-BC1A-EAD2173A1A90}.Debug|x86.ActiveCfg = Debug|Win32
		{8DE953E5-A9CC-4B17-BC1A-EAD2173A1A90}.Debug|x86.Build.0 = Debug|Win32
		{8DE953E5-A9CC-4B17-BC1A-EAD2173A1A90}.Release|x64.ActiveCfg = Release|x64
		{8DE953E5-A9CC-4B17-BC1A-EAD2173A1A90}.Release|x64.Build.0 = Release|x64
		{8DE953E5-A9CC-4B17-BC1A-EAD2173A1A90}.Release|x86.ActiveCfg = Release|Win32
		{8DE953E5-A9CC-4B17-BC1A-EAD2173A1A90}.Release|x86.Build.0 = Release|Win32
		{2218451C-2390-482A-9091-0253D78548EA}.Debug|x64.ActiveCfg = Debug|x64
		{2218451C-2390-482A-9091-0253D78548EA}.Debug|x64.Build.0 = Debug|x64
		{2218451C-2390-482A-9091-0253D78548EA}.Debug|x86.ActiveCfg = Debug|Win32
		{2218451C-2390-482A-9091-0253D78548EA}.Debug|x86.Build.0 = Debug|Win32
		{2218451C-2390-482A-9091-0253D78548EA}.Release|x64.ActiveCfg = Release|x64
		{2218451C-2390-482A-9091-0253D78548EA}.Release|x64.Build.0 = Release|x64
		{2218451C-2390-482A-9091-0253D78548EA}.Release|x86.ActiveCfg = Release|Win32
		{2218451C-2390-482A-9091-0253D78548EA}.Release|x86.Build.0 = Release|Win32
		{8CA27E7D-3E1B-4F48-9FC3-928F99C9279C}.Debug|x64.ActiveCfg = Debug|x64
		{8CA27E7D-3E1B-4F48-9FC3-928F99C9279C}.Debug|x64.Build.0 = Debug|x64
		{8CA27E7D-3E1B-4F48-9FC3-928F99C9279C}.Debug|x86.ActiveCfg = Debug|Win32
		{8CA27E7D-3E1B-4F48-9FC3-928F99C9279C}.Debug|x86.Build.0 = Debug|Win32
		{8CA27E7D-3E1B-4F48-9FC3-928F99C9279C}.Release|x64.ActiveCfg = Release|x64
		{8CA27E7D-3E1B-4F48-9FC3-928F99C9279C}.Release|x64.Build.0 = Release|x64
		{8CA27E7D-3E1B-4F48-9FC3-928F99C9279C}.Release|x86.ActiveCfg = Release|Win32
		{8CA27E7D-3E1B-4F48-9FC3-928F99C9279C}.Release|x86.Build.0 = Release|Win32
		{A088BD2F-A9F2-42A9-887A-3B40D58C941A}.Debug|x64.ActiveCfg = Debug|x64
		{A088BD2F-A9F2-42A9-887A-3B40D58C941A}.Debug|x64.Build.0 = Debug|x64
		{A088BD2F-A9F2-42A9-887A-3B40D58C941A}.Debug|x86.ActiveCfg = Debug|Win32
		{A088BD2F-A9F2-42A9-887A-3B40D58C941A}.Debug|x86.Build.0 = Debug|Win32
		{A088BD2F-A9F2-42A9-887A-3B40D58C941A}.Release|x64.ActiveCfg = Release|x64
		{A088BD2F-A9F2-42A9-887A-3B40D58C941A}.Release|x64.Build.0 = Release|x64
		{A088BD2F-A9F2-42A9-887A-3B40D58C941A}.Release|x86.ActiveCfg = Release|Win32
		{A088BD2F-A9F2-42A9-887A-3B40D58C941A}.Release|x86.Build.0 = Release|Win32
		{BEF5C2CE-E3EC-4E55-A18E-13C39406AAD0}.Debug|x64.ActiveCfg = Debug|x64
		{BEF5C2CE-E3EC-4E55-A18E-13C39406AAD0}.Debug|x64.Build.0 = Debug|x64
		{BEF5C2CE-E3EC-4E55-A18E-13C39406AAD0}.Debug|x86.ActiveCfg = Debug|Win32
		{BEF5C2CE-E3EC-4E55-A18E-13C39406AAD0}.Debug|x86.Build.0 = Debug|Win32
		{BEF5C2CE-E3EC-4E55-A18E-13C39406AAD0}.Release|x64.ActiveCfg = Release|x64
		{BEF5C2CE-E3EC-4E55-A18E-13C39406AAD0}.Release|x64.Build.0 = Release|x64
		{BEF5C2CE-E3EC-4E55-A18E-13C39406AAD0}.Release|x86.ActiveCfg = Release|Win32
		{BEF5C2CE-E3EC-4E55-A18E-13C39406AAD0}.Release|x86.Build.0 = Release|Win32
		{31F182EE-56F9-4071-BF78-009DBF39E618}.Debug|x64.ActiveCfg = Debug|x64
		{31F182EE-56F9-4071-BF78-009DBF39E618}.Debug|x64.Build.0 = Debug|x64
		{31F182EE-56F9-4071-BF78-009DBF39E618}.Debug|x86.ActiveCfg = Debug|Win32
		{31F182EE-56F9-4071-BF78-009DBF39E618}.Debug|x86.Build.0 = Debug|Win32
		{31F182EE-56F9-4071-BF78-009DBF39E618}.Release|x64.ActiveCfg = Release|x64
		{31F182EE-56F9-4071-BF78-009DBF39E618}.Release|x64.Build.0 = Release|x64
		{31F182EE-56F9-4071-BF78-009DBF39E618}.Release|x86.ActiveCfg = Release|Win32
		{31F182EE-56F9-4071-BF78-009DBF39E618}.Release|x86.Build.0 = Release|Win32
		{AAA45AEF-A8F2-442D-A858-FCC44B08408D}.Debug|x64.ActiveCfg = Debug|x64
		{AAA45AEF-A8F2-442D-A858-FCC44B08408D}.Debug|x64.Build.0 = Debug|x64
		{AAA45AEF-A8F2-442D-A858-FCC44B08408D}.Debug|x86.ActiveCfg = Debug|Win32
		{AAA45AEF-A8F2-442D-A858-FCC44B08408D}.Debug|x86.Build.0 = Debug|Win32
		{AAA45AEF-A8F2-442D-A858-FCC44B08408D}.Release|x64.ActiveCfg = Release|x64
		{AAA45AEF-A8F2-442D-A858-FCC44B08408D}.Release|x64.Build.0 = Release|x64
		{AAA45AEF-A8F2-442D-A858-FCC44B08408D}.Release|x86.ActiveCfg = Release|Win32
		{AAA45AEF-A8F2-442D-A858-FCC44B08408D}.Release|x86.Build.0 = Release|Win32
		{B8AB6355-5EA9-4F65-9374-426277A93173}.Debug|x64.ActiveCfg = Debug|x64
		{B8AB6355-5EA9-4F65-9374-426277A93173}.Debug|x64.Build.0 = Debug|x64
		{B8AB6355-5EA9-4F65-9374-426277A93173}.Debug|x86.ActiveCfg = Debug|Win32
		{B8AB6355-5EA9-4F65-9374-426277A93173}.Debug|x86.Build.0 = Debug|Win32
		{B8AB6355-5EA9-4F65-9374-426277A93173}.Release|x64.ActiveCfg = Release|x64
		{B8AB6355-5EA9-4F65-9374-426277A93173}.Release|x64.Build.0 = Release|x64
		{B8AB6355-5EA9-4F65-9374-426277A93173}.Release|x86.ActiveCfg = Release|Win32
		{B8AB6355-5EA9-4F65-9374-426277A93173}.Release|x86.Build.0 = Release|Win32
		{A4734189-A221-4EFC-8901-827775632A8B}.Debug|x64.ActiveCfg = Debug|x64
		{A4734189-A221-4EFC-8901-827775632A8B}.Debug|x64.Build.0 = Debug|x64
		{A4734189-A221-4EFC-8901-827775632A8B}.Debug|x86.ActiveCfg = Debug|Win32
		{A4734189-A221-4EFC-8901-827775632A8B}.Debug|x86.Build.0 = Debug|Win32
		{A4734189-A221-4EFC-8901-827775632A8B}.Release|x64.ActiveCfg = Release|x64
		{A4734189-A221-4EFC-8901-827775632A8B}.Release|x64.Build.0 = Release|x64
		{A4734189-A221-4EFC-8901-827775632A8B}.Release|x86.ActiveCfg = Release|Win32
		{A4734189-A221-4EFC-8901-827775632A8B}.Release|x86.Build.0 = Release|Win32
		{EA3D3864-6FCA-476B-839D-7C408E3A51DB}.Debug|x64.ActiveCfg = Debug|x64
		{EA3D3864-6FCA-476B-839D-7C408E3A51DB}.Debug|x64.Build.0 = Debug|x64
		{EA3D3864-6FCA-476B-839D-7C408E3A51DB}.Debug|x86.ActiveCfg = Debug|Win32
		{EA3D3864-6FCA-476B-839D-7C408E3A51DB}.Debug|x86.Build.0 = Debug|Win32
		{EA3D3864-6FCA-476B-839D-7C408E3A51DB}.Release|x64.ActiveCfg = Release|x64
		{EA3D3864-6FCA-476B-839D-7C408E3A51DB}.Release|x64.Build.0 = Release|x64
		{EA3D3864-6FCA-476B-839D-7C408E3A51DB}.Release|x86.ActiveCfg = Release|Win32
		{EA3D3864-6FCA-476B-839D-7C408E3A51DB}.Release|x86.Build.0 = Release|Win32
	EndGlobalSection
	GlobalSection(SolutionProperties) = preSolution
		HideSolutionNode = FALSE
	EndGlobalSection
	GlobalSection(ExtensibilityGlobals) = postSolution
		SolutionGuid = {EAD05DEC-437D-43D3-94F2-93589B26FD55}
	EndGlobalSection
EndGlobal
