<Solution>
  <Configurations>
    <Platform Name="x64" />
    <Platform Name="x86" />
  </Configurations>
  <Project Path="A862 Array Declarators/A862 Array Declarators.vcxproj" Id="30c88ffe-8881-4d42-b461-0c1dc78bf3b3" />
  <Project Path="A862 x3d/A862 x3d.vcxproj" Id="6cdc75fa-6aa1-4715-b280-eb6943bb3644" />
  <Project Path="A862 x4d/A862 x4d.vcxproj" Id="73dbda44-99a0-46f9-ad93-528920982b45" />
  <Project Path="A862 x5d/A862 x5d.vcxproj" Id="d15d9ecd-2406-4d3d-825b-5b96057ff98a" />
  <Project Path="A862 x6d 2/A862 x6d 2.vcxproj" Id="f14a39d5-c0a5-46b5-b444-bba8b287da46" />
  <Project Path="A862 x6d/A862 x6d.vcxproj" Id="e76262b9-e311-4e5a-a7b9-d5c11200d572" />
</Solution>
