
Microsoft Visual Studio Solution File, Format Version 12.00
# Visual Studio Version 16
VisualStudioVersion = 16.0.35826.135
MinimumVisualStudioVersion = 10.0.40219.1
Project("{8BC9CEB8-8B4A-11D0-8D11-00A0C91BC942}") = "Project1", "Project1\Project1.vcxproj", "{754B2A46-C11D-470F-9ABA-E17DA4DF1C36}"
EndProject
Project("{8BC9CEB8-8B4A-11D0-8D11-00A0C91BC942}") = "1.4 Symbolic Constants", "1.4 Symbolic Constants\1.4 Symbolic Constants.vcxproj", "{2E94D703-08AE-4729-80A0-D1F022301004}"
EndProject
Project("{8BC9CEB8-8B4A-11D0-8D11-00A0C91BC942}") = "1.3 The For Statement", "1.3 The For Statement\1.3 The For Statement.vcxproj", "{B5C2B8FC-5E85-4BF4-A263-A15EA0EA2D70}"
EndProject
Project("{8BC9CEB8-8B4A-11D0-8D11-00A0C91BC942}") = "1.1 Getting Started", "1.1 Getting Started\1.1 Getting Started.vcxproj", "{F78E65A5-47E6-4501-9742-AC39F50264F2}"
EndProject
Project("{8BC9CEB8-8B4A-11D0-8D11-00A0C91BC942}") = "Exercise 1-2", "Exercise 1-2\Exercise 1-2.vcxproj", "{58CFE544-4DCD-4479-BC1E-83FB43274439}"
EndProject
Project("{8BC9CEB8-8B4A-11D0-8D11-00A0C91BC942}") = "1.2 Variables and Arithmetic Expressions", "1.2 Variables and Arithmetic Expressions\1.2 Variables and Arithmetic Expressions.vcxproj", "{13FEEAF1-6A78-4446-A871-0942216C99A3}"
EndProject
Project("{8BC9CEB8-8B4A-11D0-8D11-00A0C91BC942}") = "1.2 Variables and Arithmetic Expression 2", "1.2 Variables and Arithmetic Expression 2\1.2 Variables and Arithmetic Expression 2.vcxproj", "{515B5959-2475-4E6B-82CA-5D872A22CB9C}"
EndProject
Project("{8BC9CEB8-8B4A-11D0-8D11-00A0C91BC942}") = "Exercise 1-4", "Exercise 1-4\Exercise 1-4.vcxproj", "{C68D22C0-C6F6-4707-B54A-69CD1080AB4E}"
EndProject
Project("{8BC9CEB8-8B4A-11D0-8D11-00A0C91BC942}") = "1.2 Variables and Arithmetic Expressions 3", "1.2 Variables and Arithmetic Expressions 3\1.2 Variables and Arithmetic Expressions 3.vcxproj", "{2C9B0F25-1425-4DCA-A201-543CF9C7329F}"
EndProject
Project("{8BC9CEB8-8B4A-11D0-8D11-00A0C91BC942}") = "Exercise 1-5", "Exercise 1-5\Exercise 1-5.vcxproj", "{48822E09-8D78-41BF-911F-44B07F69E370}"
EndProject
Project("{8BC9CEB8-8B4A-11D0-8D11-00A0C91BC942}") = "1.5 Character Input and Output", "1.5 Character Input and Output\1.5 Character Input and Output.vcxproj", "{1C7C7152-17F7-415C-8527-5F08977AF7F7}"
EndProject
Project("{8BC9CEB8-8B4A-11D0-8D11-00A0C91BC942}") = "1.5 Character Input and Output 2", "1.5 Character Input and Output 2\1.5 Character Input and Output 2.vcxproj", "{CA41096C-145C-40DB-B438-9E455DC706FF}"
EndProject
Project("{8BC9CEB8-8B4A-11D0-8D11-00A0C91BC942}") = "1.5.1 File Copying", "1.5.1 File Copying\1.5.1 File Copying.vcxproj", "{5BEB6745-75D5-4E9F-9C1A-5CEE12CC19D5}"
EndProject
Project("{8BC9CEB8-8B4A-11D0-8D11-00A0C91BC942}") = "1.5.1 File Copying 2", "1.5.1 File Copying 2\1.5.1 File Copying 2.vcxproj", "{D9CF8AD4-371E-4DEC-86D3-77F1E3C18455}"
EndProject
Project("{8BC9CEB8-8B4A-11D0-8D11-00A0C91BC942}") = "1.5.1 File Copying 3", "1.5.1 File Copying 3\1.5.1 File Copying 3.vcxproj", "{4476EFF9-22BC-4FE3-9F4D-8C929D1A123B}"
EndProject
Project("{8BC9CEB8-8B4A-11D0-8D11-00A0C91BC942}") = "1.5.1 File Copying 2-2", "1.5.1 File Copying 2-2\1.5.1 File Copying 2-2.vcxproj", "{E0A1905A-4C86-44FF-8DDF-CE71A038FC5E}"
EndProject
Project("{8BC9CEB8-8B4A-11D0-8D11-00A0C91BC942}") = "1.5.1 File Copying 2-3", "1.5.1 File Copying 2-3\1.5.1 File Copying 2-3.vcxproj", "{20DA2526-FA89-4157-8DBE-702BB27FA71B}"
EndProject
Project("{8BC9CEB8-8B4A-11D0-8D11-00A0C91BC942}") = "Exercise 1-7", "Exercise 1-7\Exercise 1-7.vcxproj", "{B5927606-07BD-4D8D-971C-3E08C5BD1A32}"
EndProject
Project("{8BC9CEB8-8B4A-11D0-8D11-00A0C91BC942}") = "Exercise 1-3", "Exercise 1-3\Exercise 1-3.vcxproj", "{08DFF10D-1FAE-4EED-838C-E5564C62A4D7}"
EndProject
Project("{8BC9CEB8-8B4A-11D0-8D11-00A0C91BC942}") = "Exercise 1-1", "Exercise 1-1\Exercise 1-1.vcxproj", "{79E862BB-93CC-4381-8A15-18B0C756995A}"
EndProject
Project("{8BC9CEB8-8B4A-11D0-8D11-00A0C91BC942}") = "Exercise 1-6", "Exercise 1-6\Exercise 1-6.vcxproj", "{A3EA3299-3B3D-40D6-9E4D-6A1FA508D4B5}"
EndProject
Project("{8BC9CEB8-8B4A-11D0-8D11-00A0C91BC942}") = "1.5 Character Input and Output 3", "1.5 Character Input and Output 3\1.5 Character Input and Output 3.vcxproj", "{CDAEDC98-E58C-4D58-9204-815E5B266D8D}"
EndProject
Project("{8BC9CEB8-8B4A-11D0-8D11-00A0C91BC942}") = "1.5 Character Input and Output 4", "1.5 Character Input and Output 4\1.5 Character Input and Output 4.vcxproj", "{05470C75-65A8-469A-A194-7978C027877D}"
EndProject
Project("{8BC9CEB8-8B4A-11D0-8D11-00A0C91BC942}") = "1.5 Character Input and Output 5", "1.5 Character Input and Output 5\1.5 Character Input and Output 5.vcxproj", "{E951237D-F823-411E-9E76-B500E269B292}"
EndProject
Project("{8BC9CEB8-8B4A-11D0-8D11-00A0C91BC942}") = "1.5.1 File Copying 1", "1.5.1 File Copying 1\1.5.1 File Copying 1.vcxproj", "{92DAB352-A0A2-4E74-971C-5FDC1ECDFCA9}"
EndProject
Project("{8BC9CEB8-8B4A-11D0-8D11-00A0C91BC942}") = "1.5.1 File Copying 1-2", "1.5.1 File Copying 1-2\1.5.1 File Copying 1-2.vcxproj", "{C0BFEB1E-3CDB-42A1-AAFD-7C03B605FF86}"
EndProject
Project("{8BC9CEB8-8B4A-11D0-8D11-00A0C91BC942}") = "1.5.1 File Copying 1-1", "1.5.1 File Copying 1-1\1.5.1 File Copying 1-1.vcxproj", "{EB0BB0EC-CB13-4F05-80AD-2B7CFB63AEA3}"
EndProject
Project("{8BC9CEB8-8B4A-11D0-8D11-00A0C91BC942}") = "1.5.1 File Copying 1-1-2", "1.5.1 File Copying 1-1-2\1.5.1 File Copying 1-1-2.vcxproj", "{852E515F-A437-4D6B-9465-0DE75A56E7F2}"
EndProject
Project("{8BC9CEB8-8B4A-11D0-8D11-00A0C91BC942}") = "1.5.2 Character Counting", "1.5.2 Character Counting\1.5.2 Character Counting.vcxproj", "{0ACE6FF5-734B-4AF2-9CB5-2C163E1158A2}"
EndProject
Project("{8BC9CEB8-8B4A-11D0-8D11-00A0C91BC942}") = "Exercise 1-4-2", "Exercise 1-4-2\Exercise 1-4-2.vcxproj", "{A95B23E7-B106-4505-805C-22FD63149089}"
EndProject
Project("{8BC9CEB8-8B4A-11D0-8D11-00A0C91BC942}") = "Exercise 1-4-3", "Exercise 1-4-3\Exercise 1-4-3.vcxproj", "{21089097-5C03-41BC-851D-D57B3FA2A204}"
EndProject
Project("{8BC9CEB8-8B4A-11D0-8D11-00A0C91BC942}") = "Exercise 1-4-4", "Exercise 1-4-4\Exercise 1-4-4.vcxproj", "{6FD338CF-7557-4FD0-A4EB-0509A66ADC29}"
EndProject
Project("{8BC9CEB8-8B4A-11D0-8D11-00A0C91BC942}") = "Exercise 1-4-5", "Exercise 1-4-5\Exercise 1-4-5.vcxproj", "{1B73A4BF-CFF5-46DF-9C9D-78A61585D442}"
EndProject
Project("{8BC9CEB8-8B4A-11D0-8D11-00A0C91BC942}") = "Exercise 1-4-6", "Exercise 1-4-6\Exercise 1-4-6.vcxproj", "{1C2F2ABB-6229-4864-8623-BDB0B9483179}"
EndProject
Project("{8BC9CEB8-8B4A-11D0-8D11-00A0C91BC942}") = "1.5.2 Character Counting 2nd version", "1.5.2 Character Counting 2nd version\1.5.2 Character Counting 2nd version.vcxproj", "{28F6C8B8-0235-418C-A039-ED2FD89F5046}"
EndProject
Project("{8BC9CEB8-8B4A-11D0-8D11-00A0C91BC942}") = "1.5 Character Input and Output 1", "1.5 Character Input and Output 1\1.5 Character Input and Output 1.vcxproj", "{7EBF8758-7494-4401-A9EC-177F5B421671}"
EndProject
Project("{8BC9CEB8-8B4A-11D0-8D11-00A0C91BC942}") = "1.5.2 Character Counting 2nd version 2", "1.5.2 Character Counting 2nd version 2\1.5.2 Character Counting 2nd version 2.vcxproj", "{E058A1DC-E4CC-4C4F-9A9C-93C931DC1BEA}"
EndProject
Project("{8BC9CEB8-8B4A-11D0-8D11-00A0C91BC942}") = "1.5.2 Character Counting 1", "1.5.2 Character Counting 1\1.5.2 Character Counting 1.vcxproj", "{136E903E-6762-4B8A-90D7-873D6A501707}"
EndProject
Project("{8BC9CEB8-8B4A-11D0-8D11-00A0C91BC942}") = "1.5.2 Character Counting 1-2", "1.5.2 Character Counting 1-2\1.5.2 Character Counting 1-2.vcxproj", "{659D5E10-B384-4F4D-BA14-CCC132EB332A}"
EndProject
Project("{8BC9CEB8-8B4A-11D0-8D11-00A0C91BC942}") = "1.5.3 Line Counting", "1.5.3 Line Counting\1.5.3 Line Counting.vcxproj", "{A62CE156-460B-4B86-947A-04B80EFE13AA}"
EndProject
Project("{8BC9CEB8-8B4A-11D0-8D11-00A0C91BC942}") = "Exercise 1-8", "Exercise 1-8\Exercise 1-8.vcxproj", "{9A4A9685-F247-4CBE-859D-9F3DA1513EAC}"
EndProject
Project("{8BC9CEB8-8B4A-11D0-8D11-00A0C91BC942}") = "Exercise 1-9", "Exercise 1-9\Exercise 1-9.vcxproj", "{D8A2E7FC-DD56-4DD7-A2CB-F756F8824744}"
EndProject
Project("{8BC9CEB8-8B4A-11D0-8D11-00A0C91BC942}") = "Exercise 1-9-2", "Exercise 1-9-2\Exercise 1-9-2.vcxproj", "{20818634-0B58-4951-A476-183BB8A50BE2}"
EndProject
Project("{8BC9CEB8-8B4A-11D0-8D11-00A0C91BC942}") = "Exercise 1-10", "Exercise 1-10\Exercise 1-10.vcxproj", "{14868325-0530-432C-B350-15F91D079294}"
EndProject
Project("{8BC9CEB8-8B4A-11D0-8D11-00A0C91BC942}") = "Exercise 1-9-3", "Exercise 1-9-3\Exercise 1-9-3.vcxproj", "{AB086AB5-4D1C-4391-A9FC-2D5941BF1DE5}"
EndProject
Project("{8BC9CEB8-8B4A-11D0-8D11-00A0C91BC942}") = "Exercise 1-9-3-2", "Exercise 1-9-3-2\Exercise 1-9-3-2.vcxproj", "{E44644F6-FCE7-4EDC-8C9C-30208A8838AA}"
EndProject
Project("{8BC9CEB8-8B4A-11D0-8D11-00A0C91BC942}") = "Exercise 1-9-3-3", "Exercise 1-9-3-3\Exercise 1-9-3-3.vcxproj", "{852F2C9E-B0F2-4A2F-BCC8-78B069D8CE0F}"
EndProject
Project("{8BC9CEB8-8B4A-11D0-8D11-00A0C91BC942}") = "1.5.4 Word Counting", "1.5.4 Word Counting\1.5.4 Word Counting.vcxproj", "{B326734D-D849-44DC-BE11-002BE8EE1F90}"
EndProject
Project("{8BC9CEB8-8B4A-11D0-8D11-00A0C91BC942}") = "1.5.4 Word Counting 2", "1.5.4 Word Counting 2\1.5.4 Word Counting 2.vcxproj", "{5445BFC1-1DA1-485A-AAA2-EDD453FF43FE}"
EndProject
Project("{8BC9CEB8-8B4A-11D0-8D11-00A0C91BC942}") = "1.5.4 Word Counting 3", "1.5.4 Word Counting 3\1.5.4 Word Counting 3.vcxproj", "{2507A181-D6CE-49C1-B452-F9FA75E949F8}"
EndProject
Project("{8BC9CEB8-8B4A-11D0-8D11-00A0C91BC942}") = "1.5.4 Word Counting 4", "1.5.4 Word Counting 4\1.5.4 Word Counting 4.vcxproj", "{BA851683-D7F5-4981-AE84-D7BC87B3F562}"
EndProject
Project("{8BC9CEB8-8B4A-11D0-8D11-00A0C91BC942}") = "Exercise 1-12", "Exercise 1-12\Exercise 1-12.vcxproj", "{9B2496ED-29FC-44C4-8303-DF55A12ED25B}"
EndProject
Project("{8BC9CEB8-8B4A-11D0-8D11-00A0C91BC942}") = "Exercise 1-11", "Exercise 1-11\Exercise 1-11.vcxproj", "{317E5065-F660-443F-B405-1198E9368A4E}"
EndProject
Project("{8BC9CEB8-8B4A-11D0-8D11-00A0C91BC942}") = "1.5.4 Word Counting 5", "1.5.4 Word Counting 5\1.5.4 Word Counting 5.vcxproj", "{652EEC65-3B68-4638-ABA8-E6BA5372911F}"
EndProject
Project("{8BC9CEB8-8B4A-11D0-8D11-00A0C91BC942}") = "1.6 Arrays", "1.6 Arrays\1.6 Arrays.vcxproj", "{5B2F61BB-94EA-4729-9751-FC28D512D2E8}"
EndProject
Project("{8BC9CEB8-8B4A-11D0-8D11-00A0C91BC942}") = "1.6 Arrays 2", "1.6 Arrays 2\1.6 Arrays 2.vcxproj", "{09773590-6A18-43AF-BB3E-8D3AD6221830}"
EndProject
Project("{8BC9CEB8-8B4A-11D0-8D11-00A0C91BC942}") = "1.6 Arrays 3", "1.6 Arrays 3\1.6 Arrays 3.vcxproj", "{53C208CC-3A81-4FAA-8C56-ED1C5392117A}"
EndProject
Project("{8BC9CEB8-8B4A-11D0-8D11-00A0C91BC942}") = "1.6 Arrays 4", "1.6 Arrays 4\1.6 Arrays 4.vcxproj", "{00333654-2B90-4724-B1A8-D81F65B79FAA}"
EndProject
Project("{8BC9CEB8-8B4A-11D0-8D11-00A0C91BC942}") = "1.6 Arrays 5", "1.6 Arrays 5\1.6 Arrays 5.vcxproj", "{1D23FA4D-078F-4DB0-8377-5BDC8F56BA2B}"
EndProject
Project("{8BC9CEB8-8B4A-11D0-8D11-00A0C91BC942}") = "1.6 Arrays 6", "1.6 Arrays 6\1.6 Arrays 6.vcxproj", "{15B5FB4F-4CA1-4F11-8ECF-B682353AA53E}"
EndProject
Project("{8BC9CEB8-8B4A-11D0-8D11-00A0C91BC942}") = "Exercise 1-13", "Exercise 1-13\Exercise 1-13.vcxproj", "{32DD213D-6ED4-4A22-975D-0B157692030B}"
EndProject
Project("{8BC9CEB8-8B4A-11D0-8D11-00A0C91BC942}") = "Exercise 1-13 Vertical orientation", "Exercise 1-13 Vertical orientation\Exercise 1-13 Vertical orientation.vcxproj", "{D94555FF-451C-4C6E-BBE4-889880A53E2B}"
EndProject
Project("{8BC9CEB8-8B4A-11D0-8D11-00A0C91BC942}") = "Exercise 1-13 Vertical orientation 2", "Exercise 1-13 Vertical orientation 2\Exercise 1-13 Vertical orientation 2.vcxproj", "{E7B1F51A-9FD5-41CB-AEBE-37B2838C485F}"
EndProject
Project("{8BC9CEB8-8B4A-11D0-8D11-00A0C91BC942}") = "Exercise 1-13 Vertical orientation 3", "Exercise 1-13 Vertical orientation 3\Exercise 1-13 Vertical orientation 3.vcxproj", "{6E2AAE1F-708F-4792-9ECE-D6FBF491F2F4}"
EndProject
Project("{8BC9CEB8-8B4A-11D0-8D11-00A0C91BC942}") = "Exercise 1-13 Vertical orientation 4", "Exercise 1-13 Vertical orientation 4\Exercise 1-13 Vertical orientation 4.vcxproj", "{A553E127-B5DC-4502-A316-464B2AB8D000}"
EndProject
Project("{8BC9CEB8-8B4A-11D0-8D11-00A0C91BC942}") = "Exercise 1-13 Vertical orientation 5", "Exercise 1-13 Vertical orientation 5\Exercise 1-13 Vertical orientation 5.vcxproj", "{9F438C9F-47F1-43CF-BB42-E80A4C93C5F5}"
EndProject
Project("{8BC9CEB8-8B4A-11D0-8D11-00A0C91BC942}") = "Exercise 1-13 Vertical orientation 6", "Exercise 1-13 Vertical orientation 6\Exercise 1-13 Vertical orientation 6.vcxproj", "{E4A7EE01-5CC0-4415-ABF6-D21A1668C04D}"
EndProject
Project("{8BC9CEB8-8B4A-11D0-8D11-00A0C91BC942}") = "1.5.1 File Copying 4", "1.5.1 File Copying 4\1.5.1 File Copying 4.vcxproj", "{C926C42A-2E8B-483B-A7B7-D1DB9CD7CCA1}"
EndProject
Project("{8BC9CEB8-8B4A-11D0-8D11-00A0C91BC942}") = "Exercise 1-13 Vertical orientation 7", "Exercise 1-13 Vertical orientation 7\Exercise 1-13 Vertical orientation 7.vcxproj", "{BBF2CFAD-6DA0-4FED-9261-75D6FCF961E7}"
EndProject
Project("{8BC9CEB8-8B4A-11D0-8D11-00A0C91BC942}") = "Exercise 1-13 Vertical orientation 8", "Exercise 1-13 Vertical orientation 8\Exercise 1-13 Vertical orientation 8.vcxproj", "{D3EF9693-D813-4BDA-92EA-DECFC45679B7}"
EndProject
Project("{8BC9CEB8-8B4A-11D0-8D11-00A0C91BC942}") = "Exercise 1-13 Vertical orientation 9", "Exercise 1-13 Vertical orientation 9\Exercise 1-13 Vertical orientation 9.vcxproj", "{1E50C8E5-FE55-4C1B-BDDF-EEEF5578899F}"
EndProject
Project("{8BC9CEB8-8B4A-11D0-8D11-00A0C91BC942}") = "Exercise 1-14", "Exercise 1-14\Exercise 1-14.vcxproj", "{66B7BEB8-650D-4710-B686-B45A1A132805}"
EndProject
Project("{8BC9CEB8-8B4A-11D0-8D11-00A0C91BC942}") = "Exercise 1-14-2", "Exercise 1-14-2\Exercise 1-14-2.vcxproj", "{6A48B8E4-EFF6-4319-BCF5-995A4CA101B1}"
EndProject
Project("{8BC9CEB8-8B4A-11D0-8D11-00A0C91BC942}") = "Exercise 1-14-3", "Exercise 1-14-3\Exercise 1-14-3.vcxproj", "{29FAB80B-8B9E-4853-94AD-3B2201CF5A8F}"
EndProject
Project("{8BC9CEB8-8B4A-11D0-8D11-00A0C91BC942}") = "Exercise 1-14-4", "Exercise 1-14-4\Exercise 1-14-4.vcxproj", "{08A44D58-5F9C-405C-B407-C415E21E46DC}"
EndProject
Project("{8BC9CEB8-8B4A-11D0-8D11-00A0C91BC942}") = "Exercise 1-14-5", "Exercise 1-14-5\Exercise 1-14-5.vcxproj", "{3D790026-B546-499F-9B80-26754D129DE8}"
EndProject
Project("{8BC9CEB8-8B4A-11D0-8D11-00A0C91BC942}") = "Exercise 1-14-6", "Exercise 1-14-6\Exercise 1-14-6.vcxproj", "{405F308F-3A7A-4B3D-8CAC-3F419F709555}"
EndProject
Project("{8BC9CEB8-8B4A-11D0-8D11-00A0C91BC942}") = "Exercise 1-14-7", "Exercise 1-14-7\Exercise 1-14-7.vcxproj", "{8DBF5D79-0DFD-47DB-8ECC-8E9068BD8F89}"
EndProject
Project("{8BC9CEB8-8B4A-11D0-8D11-00A0C91BC942}") = "1.7 Functions", "1.7 Functions\1.7 Functions.vcxproj", "{3935C888-3BE0-49D5-A573-49555604E4AE}"
EndProject
Project("{8BC9CEB8-8B4A-11D0-8D11-00A0C91BC942}") = "1.7 Functions 2", "1.7 Functions 2\1.7 Functions 2.vcxproj", "{C1EF2991-C2C2-4A6C-AE00-E15D68F314DB}"
EndProject
Project("{8BC9CEB8-8B4A-11D0-8D11-00A0C91BC942}") = "Exercise 1-15", "Exercise 1-15\Exercise 1-15.vcxproj", "{12AA1196-7289-45EE-8B9D-6A51892A415D}"
EndProject
Project("{8BC9CEB8-8B4A-11D0-8D11-00A0C91BC942}") = "1.8 Arguments - Call by Value", "1.8 Arguments - Call by Value\1.8 Arguments - Call by Value.vcxproj", "{4A25E1EB-E7CE-4E04-9991-E4567F61B280}"
EndProject
Project("{8BC9CEB8-8B4A-11D0-8D11-00A0C91BC942}") = "1.7 Functions 3", "1.7 Functions 3\1.7 Functions 3.vcxproj", "{CAA7E563-922C-4EDF-A916-F1106C7C6F9D}"
EndProject
Project("{8BC9CEB8-8B4A-11D0-8D11-00A0C91BC942}") = "1.9 Character Arrays", "1.9 Character Arrays\1.9 Character Arrays.vcxproj", "{1C0E0B03-7A0F-4926-95C7-5B0DF5147254}"
EndProject
Project("{8BC9CEB8-8B4A-11D0-8D11-00A0C91BC942}") = "1.9 Character Arrays 2", "1.9 Character Arrays 2\1.9 Character Arrays 2.vcxproj", "{8C35CC44-57B5-4A2F-B27B-DD9BEC11E59E}"
EndProject
Project("{8BC9CEB8-8B4A-11D0-8D11-00A0C91BC942}") = "1.9 Character Arrays 3", "1.9 Character Arrays 3\1.9 Character Arrays 3.vcxproj", "{C6DC09BF-D2C3-4896-B979-82A2BC6E77FA}"
EndProject
Project("{8BC9CEB8-8B4A-11D0-8D11-00A0C91BC942}") = "1.9 Character Arrays 4", "1.9 Character Arrays 4\1.9 Character Arrays 4.vcxproj", "{FACC08CB-1CD1-420C-93B6-76BC5F89725C}"
EndProject
Project("{8BC9CEB8-8B4A-11D0-8D11-00A0C91BC942}") = "1.9 Character Arrays 5", "1.9 Character Arrays 5\1.9 Character Arrays 5.vcxproj", "{A46E44F6-EC2D-4A33-BC9B-78CFA62125B2}"
EndProject
Project("{8BC9CEB8-8B4A-11D0-8D11-00A0C91BC942}") = "1.9 Character Arrays 6", "1.9 Character Arrays 6\1.9 Character Arrays 6.vcxproj", "{0F3784C1-469A-46B9-9636-DD19BA624CCF}"
EndProject
Project("{8BC9CEB8-8B4A-11D0-8D11-00A0C91BC942}") = "1.9 Character Arrays 7", "1.9 Character Arrays 7\1.9 Character Arrays 7.vcxproj", "{26D8F383-155C-4BA0-A171-72AC18CA6935}"
EndProject
Project("{8BC9CEB8-8B4A-11D0-8D11-00A0C91BC942}") = "1.9 Character Arrays 8", "1.9 Character Arrays 8\1.9 Character Arrays 8.vcxproj", "{0322CF19-93D6-404A-9406-D9E5382C3E6C}"
EndProject
Project("{8BC9CEB8-8B4A-11D0-8D11-00A0C91BC942}") = "1.9 Character Arrays 8-1", "1.9 Character Arrays 8-1\1.9 Character Arrays 8-1.vcxproj", "{320809D2-4B65-4BFF-88E3-11EE5ABC6A21}"
EndProject
Project("{8BC9CEB8-8B4A-11D0-8D11-00A0C91BC942}") = "1.9 Copy array content", "1.9 Copy array content\1.9 Copy array content.vcxproj", "{6230211B-40DB-4A37-8651-7ADE41A7AD31}"
EndProject
Project("{8BC9CEB8-8B4A-11D0-8D11-00A0C91BC942}") = "1.9 whether '＼0' is TRUE？", "1.9 whether '＼0' is TRUE？\1.9 whether '＼0' is TRUE？.vcxproj", "{EA3EDBA3-9572-4F44-9F4F-E60CA6F44B5D}"
EndProject
Project("{8BC9CEB8-8B4A-11D0-8D11-00A0C91BC942}") = "1.9 whether '＼0' is TRUE？2", "1.9 whether '＼0' is TRUE？2\1.9 whether '＼0' is TRUE？2.vcxproj", "{73CA8DA1-46CA-49F3-88CD-D429DF8D3D6F}"
EndProject
Project("{8BC9CEB8-8B4A-11D0-8D11-00A0C91BC942}") = "1.9 Copy array content 2", "1.9 Copy array content 2\1.9 Copy array content 2.vcxproj", "{5A8637E1-7466-4CFF-B3D9-F8ED3F0555E7}"
EndProject
Project("{8BC9CEB8-8B4A-11D0-8D11-00A0C91BC942}") = "1.9 Copy array content 2-2", "1.9 Copy array content 2-2\1.9 Copy array content 2-2.vcxproj", "{ADA289CC-5223-4FCB-8A50-E821D3A5F0D7}"
EndProject
Project("{8BC9CEB8-8B4A-11D0-8D11-00A0C91BC942}") = "1.9 Character Arrays 8-2", "1.9 Character Arrays 8-2\1.9 Character Arrays 8-2.vcxproj", "{BCC7F05E-FC33-498A-9E23-64282EE946B0}"
EndProject
Project("{8BC9CEB8-8B4A-11D0-8D11-00A0C91BC942}") = "1.9 Modify array content", "1.9 Modify array content\1.9 Modify array content.vcxproj", "{A8D7B7F1-166C-408B-871A-34F017A2ECD5}"
EndProject
Project("{8BC9CEB8-8B4A-11D0-8D11-00A0C91BC942}") = "1.9 Modify array content 2", "1.9 Modify array content 2\1.9 Modify array content 2.vcxproj", "{5683DA5E-CB46-4F40-8860-0D0F90E24E3C}"
EndProject
Project("{8BC9CEB8-8B4A-11D0-8D11-00A0C91BC942}") = "Exercise 1-16", "Exercise 1-16\Exercise 1-16.vcxproj", "{8C9AE743-1332-4313-A2AA-38D1F9437BA9}"
EndProject
Project("{8BC9CEB8-8B4A-11D0-8D11-00A0C91BC942}") = "Exercise 1-16 solution", "Exercise 1-16 solution\Exercise 1-16 solution.vcxproj", "{497077EA-1D1A-4BB8-B17A-9B8B2CA34BC4}"
EndProject
Project("{8BC9CEB8-8B4A-11D0-8D11-00A0C91BC942}") = "Exercise 1-16 solution 2", "Exercise 1-16 solution 2\Exercise 1-16 solution 2.vcxproj", "{46E9AB84-B6F4-4E3D-BC79-1DD23B0EAD7D}"
EndProject
Project("{8BC9CEB8-8B4A-11D0-8D11-00A0C91BC942}") = "Exercise 1-16 solution 3", "Exercise 1-16 solution 3\Exercise 1-16 solution 3.vcxproj", "{308F070E-054F-4D66-AC38-C63BEA3C292F}"
EndProject
Project("{8BC9CEB8-8B4A-11D0-8D11-00A0C91BC942}") = "Exercise 1-16 solution 4", "Exercise 1-16 solution 4\Exercise 1-16 solution 4.vcxproj", "{A103A1B4-2BEA-457D-8287-A6DCAFE3D516}"
EndProject
Project("{8BC9CEB8-8B4A-11D0-8D11-00A0C91BC942}") = "1.1 print a slash", "1.1 print a slash\1.1 print a slash.vcxproj", "{CBEFFD76-9416-4519-82A3-B7D52DDDC856}"
EndProject
Project("{8BC9CEB8-8B4A-11D0-8D11-00A0C91BC942}") = "Exercise 1-16 solution 5", "Exercise 1-16 solution 5\Exercise 1-16 solution 5.vcxproj", "{8A02CB82-C098-448D-91B4-AAEEB7748751}"
EndProject
Global
	GlobalSection(SolutionConfigurationPlatforms) = preSolution
		Debug|x64 = Debug|x64
		Debug|x86 = Debug|x86
		Release|x64 = Release|x64
		Release|x86 = Release|x86
	EndGlobalSection
	GlobalSection(ProjectConfigurationPlatforms) = postSolution
		{754B2A46-C11D-470F-9ABA-E17DA4DF1C36}.Debug|x64.ActiveCfg = Debug|x64
		{754B2A46-C11D-470F-9ABA-E17DA4DF1C36}.Debug|x64.Build.0 = Debug|x64
		{754B2A46-C11D-470F-9ABA-E17DA4DF1C36}.Debug|x86.ActiveCfg = Debug|Win32
		{754B2A46-C11D-470F-9ABA-E17DA4DF1C36}.Debug|x86.Build.0 = Debug|Win32
		{754B2A46-C11D-470F-9ABA-E17DA4DF1C36}.Release|x64.ActiveCfg = Release|x64
		{754B2A46-C11D-470F-9ABA-E17DA4DF1C36}.Release|x64.Build.0 = Release|x64
		{754B2A46-C11D-470F-9ABA-E17DA4DF1C36}.Release|x86.ActiveCfg = Release|Win32
		{754B2A46-C11D-470F-9ABA-E17DA4DF1C36}.Release|x86.Build.0 = Release|Win32
		{2E94D703-08AE-4729-80A0-D1F022301004}.Debug|x64.ActiveCfg = Debug|x64
		{2E94D703-08AE-4729-80A0-D1F022301004}.Debug|x64.Build.0 = Debug|x64
		{2E94D703-08AE-4729-80A0-D1F022301004}.Debug|x86.ActiveCfg = Debug|Win32
		{2E94D703-08AE-4729-80A0-D1F022301004}.Debug|x86.Build.0 = Debug|Win32
		{2E94D703-08AE-4729-80A0-D1F022301004}.Release|x64.ActiveCfg = Release|x64
		{2E94D703-08AE-4729-80A0-D1F022301004}.Release|x64.Build.0 = Release|x64
		{2E94D703-08AE-4729-80A0-D1F022301004}.Release|x86.ActiveCfg = Release|Win32
		{2E94D703-08AE-4729-80A0-D1F022301004}.Release|x86.Build.0 = Release|Win32
		{B5C2B8FC-5E85-4BF4-A263-A15EA0EA2D70}.Debug|x64.ActiveCfg = Debug|x64
		{B5C2B8FC-5E85-4BF4-A263-A15EA0EA2D70}.Debug|x64.Build.0 = Debug|x64
		{B5C2B8FC-5E85-4BF4-A263-A15EA0EA2D70}.Debug|x86.ActiveCfg = Debug|Win32
		{B5C2B8FC-5E85-4BF4-A263-A15EA0EA2D70}.Debug|x86.Build.0 = Debug|Win32
		{B5C2B8FC-5E85-4BF4-A263-A15EA0EA2D70}.Release|x64.ActiveCfg = Release|x64
		{B5C2B8FC-5E85-4BF4-A263-A15EA0EA2D70}.Release|x64.Build.0 = Release|x64
		{B5C2B8FC-5E85-4BF4-A263-A15EA0EA2D70}.Release|x86.ActiveCfg = Release|Win32
		{B5C2B8FC-5E85-4BF4-A263-A15EA0EA2D70}.Release|x86.Build.0 = Release|Win32
		{F78E65A5-47E6-4501-9742-AC39F50264F2}.Debug|x64.ActiveCfg = Debug|x64
		{F78E65A5-47E6-4501-9742-AC39F50264F2}.Debug|x64.Build.0 = Debug|x64
		{F78E65A5-47E6-4501-9742-AC39F50264F2}.Debug|x86.ActiveCfg = Debug|Win32
		{F78E65A5-47E6-4501-9742-AC39F50264F2}.Debug|x86.Build.0 = Debug|Win32
		{F78E65A5-47E6-4501-9742-AC39F50264F2}.Release|x64.ActiveCfg = Release|x64
		{F78E65A5-47E6-4501-9742-AC39F50264F2}.Release|x64.Build.0 = Release|x64
		{F78E65A5-47E6-4501-9742-AC39F50264F2}.Release|x86.ActiveCfg = Release|Win32
		{F78E65A5-47E6-4501-9742-AC39F50264F2}.Release|x86.Build.0 = Release|Win32
		{58CFE544-4DCD-4479-BC1E-83FB43274439}.Debug|x64.ActiveCfg = Debug|x64
		{58CFE544-4DCD-4479-BC1E-83FB43274439}.Debug|x64.Build.0 = Debug|x64
		{58CFE544-4DCD-4479-BC1E-83FB43274439}.Debug|x86.ActiveCfg = Debug|Win32
		{58CFE544-4DCD-4479-BC1E-83FB43274439}.Debug|x86.Build.0 = Debug|Win32
		{58CFE544-4DCD-4479-BC1E-83FB43274439}.Release|x64.ActiveCfg = Release|x64
		{58CFE544-4DCD-4479-BC1E-83FB43274439}.Release|x64.Build.0 = Release|x64
		{58CFE544-4DCD-4479-BC1E-83FB43274439}.Release|x86.ActiveCfg = Release|Win32
		{58CFE544-4DCD-4479-BC1E-83FB43274439}.Release|x86.Build.0 = Release|Win32
		{13FEEAF1-6A78-4446-A871-0942216C99A3}.Debug|x64.ActiveCfg = Debug|x64
		{13FEEAF1-6A78-4446-A871-0942216C99A3}.Debug|x64.Build.0 = Debug|x64
		{13FEEAF1-6A78-4446-A871-0942216C99A3}.Debug|x86.ActiveCfg = Debug|Win32
		{13FEEAF1-6A78-4446-A871-0942216C99A3}.Debug|x86.Build.0 = Debug|Win32
		{13FEEAF1-6A78-4446-A871-0942216C99A3}.Release|x64.ActiveCfg = Release|x64
		{13FEEAF1-6A78-4446-A871-0942216C99A3}.Release|x64.Build.0 = Release|x64
		{13FEEAF1-6A78-4446-A871-0942216C99A3}.Release|x86.ActiveCfg = Release|Win32
		{13FEEAF1-6A78-4446-A871-0942216C99A3}.Release|x86.Build.0 = Release|Win32
		{515B5959-2475-4E6B-82CA-5D872A22CB9C}.Debug|x64.ActiveCfg = Debug|x64
		{515B5959-2475-4E6B-82CA-5D872A22CB9C}.Debug|x64.Build.0 = Debug|x64
		{515B5959-2475-4E6B-82CA-5D872A22CB9C}.Debug|x86.ActiveCfg = Debug|Win32
		{515B5959-2475-4E6B-82CA-5D872A22CB9C}.Debug|x86.Build.0 = Debug|Win32
		{515B5959-2475-4E6B-82CA-5D872A22CB9C}.Release|x64.ActiveCfg = Release|x64
		{515B5959-2475-4E6B-82CA-5D872A22CB9C}.Release|x64.Build.0 = Release|x64
		{515B5959-2475-4E6B-82CA-5D872A22CB9C}.Release|x86.ActiveCfg = Release|Win32
		{515B5959-2475-4E6B-82CA-5D872A22CB9C}.Release|x86.Build.0 = Release|Win32
		{C68D22C0-C6F6-4707-B54A-69CD1080AB4E}.Debug|x64.ActiveCfg = Debug|x64
		{C68D22C0-C6F6-4707-B54A-69CD1080AB4E}.Debug|x64.Build.0 = Debug|x64
		{C68D22C0-C6F6-4707-B54A-69CD1080AB4E}.Debug|x86.ActiveCfg = Debug|Win32
		{C68D22C0-C6F6-4707-B54A-69CD1080AB4E}.Debug|x86.Build.0 = Debug|Win32
		{C68D22C0-C6F6-4707-B54A-69CD1080AB4E}.Release|x64.ActiveCfg = Release|x64
		{C68D22C0-C6F6-4707-B54A-69CD1080AB4E}.Release|x64.Build.0 = Release|x64
		{C68D22C0-C6F6-4707-B54A-69CD1080AB4E}.Release|x86.ActiveCfg = Release|Win32
		{C68D22C0-C6F6-4707-B54A-69CD1080AB4E}.Release|x86.Build.0 = Release|Win32
		{2C9B0F25-1425-4DCA-A201-543CF9C7329F}.Debug|x64.ActiveCfg = Debug|x64
		{2C9B0F25-1425-4DCA-A201-543CF9C7329F}.Debug|x64.Build.0 = Debug|x64
		{2C9B0F25-1425-4DCA-A201-543CF9C7329F}.Debug|x86.ActiveCfg = Debug|Win32
		{2C9B0F25-1425-4DCA-A201-543CF9C7329F}.Debug|x86.Build.0 = Debug|Win32
		{2C9B0F25-1425-4DCA-A201-543CF9C7329F}.Release|x64.ActiveCfg = Release|x64
		{2C9B0F25-1425-4DCA-A201-543CF9C7329F}.Release|x64.Build.0 = Release|x64
		{2C9B0F25-1425-4DCA-A201-543CF9C7329F}.Release|x86.ActiveCfg = Release|Win32
		{2C9B0F25-1425-4DCA-A201-543CF9C7329F}.Release|x86.Build.0 = Release|Win32
		{48822E09-8D78-41BF-911F-44B07F69E370}.Debug|x64.ActiveCfg = Debug|x64
		{48822E09-8D78-41BF-911F-44B07F69E370}.Debug|x64.Build.0 = Debug|x64
		{48822E09-8D78-41BF-911F-44B07F69E370}.Debug|x86.ActiveCfg = Debug|Win32
		{48822E09-8D78-41BF-911F-44B07F69E370}.Debug|x86.Build.0 = Debug|Win32
		{48822E09-8D78-41BF-911F-44B07F69E370}.Release|x64.ActiveCfg = Release|x64
		{48822E09-8D78-41BF-911F-44B07F69E370}.Release|x64.Build.0 = Release|x64
		{48822E09-8D78-41BF-911F-44B07F69E370}.Release|x86.ActiveCfg = Release|Win32
		{48822E09-8D78-41BF-911F-44B07F69E370}.Release|x86.Build.0 = Release|Win32
		{1C7C7152-17F7-415C-8527-5F08977AF7F7}.Debug|x64.ActiveCfg = Debug|x64
		{1C7C7152-17F7-415C-8527-5F08977AF7F7}.Debug|x64.Build.0 = Debug|x64
		{1C7C7152-17F7-415C-8527-5F08977AF7F7}.Debug|x86.ActiveCfg = Debug|Win32
		{1C7C7152-17F7-415C-8527-5F08977AF7F7}.Debug|x86.Build.0 = Debug|Win32
		{1C7C7152-17F7-415C-8527-5F08977AF7F7}.Release|x64.ActiveCfg = Release|x64
		{1C7C7152-17F7-415C-8527-5F08977AF7F7}.Release|x64.Build.0 = Release|x64
		{1C7C7152-17F7-415C-8527-5F08977AF7F7}.Release|x86.ActiveCfg = Release|Win32
		{1C7C7152-17F7-415C-8527-5F08977AF7F7}.Release|x86.Build.0 = Release|Win32
		{CA41096C-145C-40DB-B438-9E455DC706FF}.Debug|x64.ActiveCfg = Debug|x64
		{CA41096C-145C-40DB-B438-9E455DC706FF}.Debug|x64.Build.0 = Debug|x64
		{CA41096C-145C-40DB-B438-9E455DC706FF}.Debug|x86.ActiveCfg = Debug|Win32
		{CA41096C-145C-40DB-B438-9E455DC706FF}.Debug|x86.Build.0 = Debug|Win32
		{CA41096C-145C-40DB-B438-9E455DC706FF}.Release|x64.ActiveCfg = Release|x64
		{CA41096C-145C-40DB-B438-9E455DC706FF}.Release|x64.Build.0 = Release|x64
		{CA41096C-145C-40DB-B438-9E455DC706FF}.Release|x86.ActiveCfg = Release|Win32
		{CA41096C-145C-40DB-B438-9E455DC706FF}.Release|x86.Build.0 = Release|Win32
		{5BEB6745-75D5-4E9F-9C1A-5CEE12CC19D5}.Debug|x64.ActiveCfg = Debug|x64
		{5BEB6745-75D5-4E9F-9C1A-5CEE12CC19D5}.Debug|x64.Build.0 = Debug|x64
		{5BEB6745-75D5-4E9F-9C1A-5CEE12CC19D5}.Debug|x86.ActiveCfg = Debug|Win32
		{5BEB6745-75D5-4E9F-9C1A-5CEE12CC19D5}.Debug|x86.Build.0 = Debug|Win32
		{5BEB6745-75D5-4E9F-9C1A-5CEE12CC19D5}.Release|x64.ActiveCfg = Release|x64
		{5BEB6745-75D5-4E9F-9C1A-5CEE12CC19D5}.Release|x64.Build.0 = Release|x64
		{5BEB6745-75D5-4E9F-9C1A-5CEE12CC19D5}.Release|x86.ActiveCfg = Release|Win32
		{5BEB6745-75D5-4E9F-9C1A-5CEE12CC19D5}.Release|x86.Build.0 = Release|Win32
		{D9CF8AD4-371E-4DEC-86D3-77F1E3C18455}.Debug|x64.ActiveCfg = Debug|x64
		{D9CF8AD4-371E-4DEC-86D3-77F1E3C18455}.Debug|x64.Build.0 = Debug|x64
		{D9CF8AD4-371E-4DEC-86D3-77F1E3C18455}.Debug|x86.ActiveCfg = Debug|Win32
		{D9CF8AD4-371E-4DEC-86D3-77F1E3C18455}.Debug|x86.Build.0 = Debug|Win32
		{D9CF8AD4-371E-4DEC-86D3-77F1E3C18455}.Release|x64.ActiveCfg = Release|x64
		{D9CF8AD4-371E-4DEC-86D3-77F1E3C18455}.Release|x64.Build.0 = Release|x64
		{D9CF8AD4-371E-4DEC-86D3-77F1E3C18455}.Release|x86.ActiveCfg = Release|Win32
		{D9CF8AD4-371E-4DEC-86D3-77F1E3C18455}.Release|x86.Build.0 = Release|Win32
		{4476EFF9-22BC-4FE3-9F4D-8C929D1A123B}.Debug|x64.ActiveCfg = Debug|x64
		{4476EFF9-22BC-4FE3-9F4D-8C929D1A123B}.Debug|x64.Build.0 = Debug|x64
		{4476EFF9-22BC-4FE3-9F4D-8C929D1A123B}.Debug|x86.ActiveCfg = Debug|Win32
		{4476EFF9-22BC-4FE3-9F4D-8C929D1A123B}.Debug|x86.Build.0 = Debug|Win32
		{4476EFF9-22BC-4FE3-9F4D-8C929D1A123B}.Release|x64.ActiveCfg = Release|x64
		{4476EFF9-22BC-4FE3-9F4D-8C929D1A123B}.Release|x64.Build.0 = Release|x64
		{4476EFF9-22BC-4FE3-9F4D-8C929D1A123B}.Release|x86.ActiveCfg = Release|Win32
		{4476EFF9-22BC-4FE3-9F4D-8C929D1A123B}.Release|x86.Build.0 = Release|Win32
		{E0A1905A-4C86-44FF-8DDF-CE71A038FC5E}.Debug|x64.ActiveCfg = Debug|x64
		{E0A1905A-4C86-44FF-8DDF-CE71A038FC5E}.Debug|x64.Build.0 = Debug|x64
		{E0A1905A-4C86-44FF-8DDF-CE71A038FC5E}.Debug|x86.ActiveCfg = Debug|Win32
		{E0A1905A-4C86-44FF-8DDF-CE71A038FC5E}.Debug|x86.Build.0 = Debug|Win32
		{E0A1905A-4C86-44FF-8DDF-CE71A038FC5E}.Release|x64.ActiveCfg = Release|x64
		{E0A1905A-4C86-44FF-8DDF-CE71A038FC5E}.Release|x64.Build.0 = Release|x64
		{E0A1905A-4C86-44FF-8DDF-CE71A038FC5E}.Release|x86.ActiveCfg = Release|Win32
		{E0A1905A-4C86-44FF-8DDF-CE71A038FC5E}.Release|x86.Build.0 = Release|Win32
		{20DA2526-FA89-4157-8DBE-702BB27FA71B}.Debug|x64.ActiveCfg = Debug|x64
		{20DA2526-FA89-4157-8DBE-702BB27FA71B}.Debug|x64.Build.0 = Debug|x64
		{20DA2526-FA89-4157-8DBE-702BB27FA71B}.Debug|x86.ActiveCfg = Debug|Win32
		{20DA2526-FA89-4157-8DBE-702BB27FA71B}.Debug|x86.Build.0 = Debug|Win32
		{20DA2526-FA89-4157-8DBE-702BB27FA71B}.Release|x64.ActiveCfg = Release|x64
		{20DA2526-FA89-4157-8DBE-702BB27FA71B}.Release|x64.Build.0 = Release|x64
		{20DA2526-FA89-4157-8DBE-702BB27FA71B}.Release|x86.ActiveCfg = Release|Win32
		{20DA2526-FA89-4157-8DBE-702BB27FA71B}.Release|x86.Build.0 = Release|Win32
		{B5927606-07BD-4D8D-971C-3E08C5BD1A32}.Debug|x64.ActiveCfg = Debug|x64
		{B5927606-07BD-4D8D-971C-3E08C5BD1A32}.Debug|x64.Build.0 = Debug|x64
		{B5927606-07BD-4D8D-971C-3E08C5BD1A32}.Debug|x86.ActiveCfg = Debug|Win32
		{B5927606-07BD-4D8D-971C-3E08C5BD1A32}.Debug|x86.Build.0 = Debug|Win32
		{B5927606-07BD-4D8D-971C-3E08C5BD1A32}.Release|x64.ActiveCfg = Release|x64
		{B5927606-07BD-4D8D-971C-3E08C5BD1A32}.Release|x64.Build.0 = Release|x64
		{B5927606-07BD-4D8D-971C-3E08C5BD1A32}.Release|x86.ActiveCfg = Release|Win32
		{B5927606-07BD-4D8D-971C-3E08C5BD1A32}.Release|x86.Build.0 = Release|Win32
		{08DFF10D-1FAE-4EED-838C-E5564C62A4D7}.Debug|x64.ActiveCfg = Debug|x64
		{08DFF10D-1FAE-4EED-838C-E5564C62A4D7}.Debug|x64.Build.0 = Debug|x64
		{08DFF10D-1FAE-4EED-838C-E5564C62A4D7}.Debug|x86.ActiveCfg = Debug|Win32
		{08DFF10D-1FAE-4EED-838C-E5564C62A4D7}.Debug|x86.Build.0 = Debug|Win32
		{08DFF10D-1FAE-4EED-838C-E5564C62A4D7}.Release|x64.ActiveCfg = Release|x64
		{08DFF10D-1FAE-4EED-838C-E5564C62A4D7}.Release|x64.Build.0 = Release|x64
		{08DFF10D-1FAE-4EED-838C-E5564C62A4D7}.Release|x86.ActiveCfg = Release|Win32
		{08DFF10D-1FAE-4EED-838C-E5564C62A4D7}.Release|x86.Build.0 = Release|Win32
		{79E862BB-93CC-4381-8A15-18B0C756995A}.Debug|x64.ActiveCfg = Debug|x64
		{79E862BB-93CC-4381-8A15-18B0C756995A}.Debug|x64.Build.0 = Debug|x64
		{79E862BB-93CC-4381-8A15-18B0C756995A}.Debug|x86.ActiveCfg = Debug|Win32
		{79E862BB-93CC-4381-8A15-18B0C756995A}.Debug|x86.Build.0 = Debug|Win32
		{79E862BB-93CC-4381-8A15-18B0C756995A}.Release|x64.ActiveCfg = Release|x64
		{79E862BB-93CC-4381-8A15-18B0C756995A}.Release|x64.Build.0 = Release|x64
		{79E862BB-93CC-4381-8A15-18B0C756995A}.Release|x86.ActiveCfg = Release|Win32
		{79E862BB-93CC-4381-8A15-18B0C756995A}.Release|x86.Build.0 = Release|Win32
		{A3EA3299-3B3D-40D6-9E4D-6A1FA508D4B5}.Debug|x64.ActiveCfg = Debug|x64
		{A3EA3299-3B3D-40D6-9E4D-6A1FA508D4B5}.Debug|x64.Build.0 = Debug|x64
		{A3EA3299-3B3D-40D6-9E4D-6A1FA508D4B5}.Debug|x86.ActiveCfg = Debug|Win32
		{A3EA3299-3B3D-40D6-9E4D-6A1FA508D4B5}.Debug|x86.Build.0 = Debug|Win32
		{A3EA3299-3B3D-40D6-9E4D-6A1FA508D4B5}.Release|x64.ActiveCfg = Release|x64
		{A3EA3299-3B3D-40D6-9E4D-6A1FA508D4B5}.Release|x64.Build.0 = Release|x64
		{A3EA3299-3B3D-40D6-9E4D-6A1FA508D4B5}.Release|x86.ActiveCfg = Release|Win32
		{A3EA3299-3B3D-40D6-9E4D-6A1FA508D4B5}.Release|x86.Build.0 = Release|Win32
		{CDAEDC98-E58C-4D58-9204-815E5B266D8D}.Debug|x64.ActiveCfg = Debug|x64
		{CDAEDC98-E58C-4D58-9204-815E5B266D8D}.Debug|x64.Build.0 = Debug|x64
		{CDAEDC98-E58C-4D58-9204-815E5B266D8D}.Debug|x86.ActiveCfg = Debug|Win32
		{CDAEDC98-E58C-4D58-9204-815E5B266D8D}.Debug|x86.Build.0 = Debug|Win32
		{CDAEDC98-E58C-4D58-9204-815E5B266D8D}.Release|x64.ActiveCfg = Release|x64
		{CDAEDC98-E58C-4D58-9204-815E5B266D8D}.Release|x64.Build.0 = Release|x64
		{CDAEDC98-E58C-4D58-9204-815E5B266D8D}.Release|x86.ActiveCfg = Release|Win32
		{CDAEDC98-E58C-4D58-9204-815E5B266D8D}.Release|x86.Build.0 = Release|Win32
		{05470C75-65A8-469A-A194-7978C027877D}.Debug|x64.ActiveCfg = Debug|x64
		{05470C75-65A8-469A-A194-7978C027877D}.Debug|x64.Build.0 = Debug|x64
		{05470C75-65A8-469A-A194-7978C027877D}.Debug|x86.ActiveCfg = Debug|Win32
		{05470C75-65A8-469A-A194-7978C027877D}.Debug|x86.Build.0 = Debug|Win32
		{05470C75-65A8-469A-A194-7978C027877D}.Release|x64.ActiveCfg = Release|x64
		{05470C75-65A8-469A-A194-7978C027877D}.Release|x64.Build.0 = Release|x64
		{05470C75-65A8-469A-A194-7978C027877D}.Release|x86.ActiveCfg = Release|Win32
		{05470C75-65A8-469A-A194-7978C027877D}.Release|x86.Build.0 = Release|Win32
		{E951237D-F823-411E-9E76-B500E269B292}.Debug|x64.ActiveCfg = Debug|x64
		{E951237D-F823-411E-9E76-B500E269B292}.Debug|x64.Build.0 = Debug|x64
		{E951237D-F823-411E-9E76-B500E269B292}.Debug|x86.ActiveCfg = Debug|Win32
		{E951237D-F823-411E-9E76-B500E269B292}.Debug|x86.Build.0 = Debug|Win32
		{E951237D-F823-411E-9E76-B500E269B292}.Release|x64.ActiveCfg = Release|x64
		{E951237D-F823-411E-9E76-B500E269B292}.Release|x64.Build.0 = Release|x64
		{E951237D-F823-411E-9E76-B500E269B292}.Release|x86.ActiveCfg = Release|Win32
		{E951237D-F823-411E-9E76-B500E269B292}.Release|x86.Build.0 = Release|Win32
		{92DAB352-A0A2-4E74-971C-5FDC1ECDFCA9}.Debug|x64.ActiveCfg = Debug|x64
		{92DAB352-A0A2-4E74-971C-5FDC1ECDFCA9}.Debug|x64.Build.0 = Debug|x64
		{92DAB352-A0A2-4E74-971C-5FDC1ECDFCA9}.Debug|x86.ActiveCfg = Debug|Win32
		{92DAB352-A0A2-4E74-971C-5FDC1ECDFCA9}.Debug|x86.Build.0 = Debug|Win32
		{92DAB352-A0A2-4E74-971C-5FDC1ECDFCA9}.Release|x64.ActiveCfg = Release|x64
		{92DAB352-A0A2-4E74-971C-5FDC1ECDFCA9}.Release|x64.Build.0 = Release|x64
		{92DAB352-A0A2-4E74-971C-5FDC1ECDFCA9}.Release|x86.ActiveCfg = Release|Win32
		{92DAB352-A0A2-4E74-971C-5FDC1ECDFCA9}.Release|x86.Build.0 = Release|Win32
		{C0BFEB1E-3CDB-42A1-AAFD-7C03B605FF86}.Debug|x64.ActiveCfg = Debug|x64
		{C0BFEB1E-3CDB-42A1-AAFD-7C03B605FF86}.Debug|x64.Build.0 = Debug|x64
		{C0BFEB1E-3CDB-42A1-AAFD-7C03B605FF86}.Debug|x86.ActiveCfg = Debug|Win32
		{C0BFEB1E-3CDB-42A1-AAFD-7C03B605FF86}.Debug|x86.Build.0 = Debug|Win32
		{C0BFEB1E-3CDB-42A1-AAFD-7C03B605FF86}.Release|x64.ActiveCfg = Release|x64
		{C0BFEB1E-3CDB-42A1-AAFD-7C03B605FF86}.Release|x64.Build.0 = Release|x64
		{C0BFEB1E-3CDB-42A1-AAFD-7C03B605FF86}.Release|x86.ActiveCfg = Release|Win32
		{C0BFEB1E-3CDB-42A1-AAFD-7C03B605FF86}.Release|x86.Build.0 = Release|Win32
		{EB0BB0EC-CB13-4F05-80AD-2B7CFB63AEA3}.Debug|x64.ActiveCfg = Debug|x64
		{EB0BB0EC-CB13-4F05-80AD-2B7CFB63AEA3}.Debug|x64.Build.0 = Debug|x64
		{EB0BB0EC-CB13-4F05-80AD-2B7CFB63AEA3}.Debug|x86.ActiveCfg = Debug|Win32
		{EB0BB0EC-CB13-4F05-80AD-2B7CFB63AEA3}.Debug|x86.Build.0 = Debug|Win32
		{EB0BB0EC-CB13-4F05-80AD-2B7CFB63AEA3}.Release|x64.ActiveCfg = Release|x64
		{EB0BB0EC-CB13-4F05-80AD-2B7CFB63AEA3}.Release|x64.Build.0 = Release|x64
		{EB0BB0EC-CB13-4F05-80AD-2B7CFB63AEA3}.Release|x86.ActiveCfg = Release|Win32
		{EB0BB0EC-CB13-4F05-80AD-2B7CFB63AEA3}.Release|x86.Build.0 = Release|Win32
		{852E515F-A437-4D6B-9465-0DE75A56E7F2}.Debug|x64.ActiveCfg = Debug|x64
		{852E515F-A437-4D6B-9465-0DE75A56E7F2}.Debug|x64.Build.0 = Debug|x64
		{852E515F-A437-4D6B-9465-0DE75A56E7F2}.Debug|x86.ActiveCfg = Debug|Win32
		{852E515F-A437-4D6B-9465-0DE75A56E7F2}.Debug|x86.Build.0 = Debug|Win32
		{852E515F-A437-4D6B-9465-0DE75A56E7F2}.Release|x64.ActiveCfg = Release|x64
		{852E515F-A437-4D6B-9465-0DE75A56E7F2}.Release|x64.Build.0 = Release|x64
		{852E515F-A437-4D6B-9465-0DE75A56E7F2}.Release|x86.ActiveCfg = Release|Win32
		{852E515F-A437-4D6B-9465-0DE75A56E7F2}.Release|x86.Build.0 = Release|Win32
		{0ACE6FF5-734B-4AF2-9CB5-2C163E1158A2}.Debug|x64.ActiveCfg = Debug|x64
		{0ACE6FF5-734B-4AF2-9CB5-2C163E1158A2}.Debug|x64.Build.0 = Debug|x64
		{0ACE6FF5-734B-4AF2-9CB5-2C163E1158A2}.Debug|x86.ActiveCfg = Debug|Win32
		{0ACE6FF5-734B-4AF2-9CB5-2C163E1158A2}.Debug|x86.Build.0 = Debug|Win32
		{0ACE6FF5-734B-4AF2-9CB5-2C163E1158A2}.Release|x64.ActiveCfg = Release|x64
		{0ACE6FF5-734B-4AF2-9CB5-2C163E1158A2}.Release|x64.Build.0 = Release|x64
		{0ACE6FF5-734B-4AF2-9CB5-2C163E1158A2}.Release|x86.ActiveCfg = Release|Win32
		{0ACE6FF5-734B-4AF2-9CB5-2C163E1158A2}.Release|x86.Build.0 = Release|Win32
		{A95B23E7-B106-4505-805C-22FD63149089}.Debug|x64.ActiveCfg = Debug|x64
		{A95B23E7-B106-4505-805C-22FD63149089}.Debug|x64.Build.0 = Debug|x64
		{A95B23E7-B106-4505-805C-22FD63149089}.Debug|x86.ActiveCfg = Debug|Win32
		{A95B23E7-B106-4505-805C-22FD63149089}.Debug|x86.Build.0 = Debug|Win32
		{A95B23E7-B106-4505-805C-22FD63149089}.Release|x64.ActiveCfg = Release|x64
		{A95B23E7-B106-4505-805C-22FD63149089}.Release|x64.Build.0 = Release|x64
		{A95B23E7-B106-4505-805C-22FD63149089}.Release|x86.ActiveCfg = Release|Win32
		{A95B23E7-B106-4505-805C-22FD63149089}.Release|x86.Build.0 = Release|Win32
		{21089097-5C03-41BC-851D-D57B3FA2A204}.Debug|x64.ActiveCfg = Debug|x64
		{21089097-5C03-41BC-851D-D57B3FA2A204}.Debug|x64.Build.0 = Debug|x64
		{21089097-5C03-41BC-851D-D57B3FA2A204}.Debug|x86.ActiveCfg = Debug|Win32
		{21089097-5C03-41BC-851D-D57B3FA2A204}.Debug|x86.Build.0 = Debug|Win32
		{21089097-5C03-41BC-851D-D57B3FA2A204}.Release|x64.ActiveCfg = Release|x64
		{21089097-5C03-41BC-851D-D57B3FA2A204}.Release|x64.Build.0 = Release|x64
		{21089097-5C03-41BC-851D-D57B3FA2A204}.Release|x86.ActiveCfg = Release|Win32
		{21089097-5C03-41BC-851D-D57B3FA2A204}.Release|x86.Build.0 = Release|Win32
		{6FD338CF-7557-4FD0-A4EB-0509A66ADC29}.Debug|x64.ActiveCfg = Debug|x64
		{6FD338CF-7557-4FD0-A4EB-0509A66ADC29}.Debug|x64.Build.0 = Debug|x64
		{6FD338CF-7557-4FD0-A4EB-0509A66ADC29}.Debug|x86.ActiveCfg = Debug|Win32
		{6FD338CF-7557-4FD0-A4EB-0509A66ADC29}.Debug|x86.Build.0 = Debug|Win32
		{6FD338CF-7557-4FD0-A4EB-0509A66ADC29}.Release|x64.ActiveCfg = Release|x64
		{6FD338CF-7557-4FD0-A4EB-0509A66ADC29}.Release|x64.Build.0 = Release|x64
		{6FD338CF-7557-4FD0-A4EB-0509A66ADC29}.Release|x86.ActiveCfg = Release|Win32
		{6FD338CF-7557-4FD0-A4EB-0509A66ADC29}.Release|x86.Build.0 = Release|Win32
		{1B73A4BF-CFF5-46DF-9C9D-78A61585D442}.Debug|x64.ActiveCfg = Debug|x64
		{1B73A4BF-CFF5-46DF-9C9D-78A61585D442}.Debug|x64.Build.0 = Debug|x64
		{1B73A4BF-CFF5-46DF-9C9D-78A61585D442}.Debug|x86.ActiveCfg = Debug|Win32
		{1B73A4BF-CFF5-46DF-9C9D-78A61585D442}.Debug|x86.Build.0 = Debug|Win32
		{1B73A4BF-CFF5-46DF-9C9D-78A61585D442}.Release|x64.ActiveCfg = Release|x64
		{1B73A4BF-CFF5-46DF-9C9D-78A61585D442}.Release|x64.Build.0 = Release|x64
		{1B73A4BF-CFF5-46DF-9C9D-78A61585D442}.Release|x86.ActiveCfg = Release|Win32
		{1B73A4BF-CFF5-46DF-9C9D-78A61585D442}.Release|x86.Build.0 = Release|Win32
		{1C2F2ABB-6229-4864-8623-BDB0B9483179}.Debug|x64.ActiveCfg = Debug|x64
		{1C2F2ABB-6229-4864-8623-BDB0B9483179}.Debug|x64.Build.0 = Debug|x64
		{1C2F2ABB-6229-4864-8623-BDB0B9483179}.Debug|x86.ActiveCfg = Debug|Win32
		{1C2F2ABB-6229-4864-8623-BDB0B9483179}.Debug|x86.Build.0 = Debug|Win32
		{1C2F2ABB-6229-4864-8623-BDB0B9483179}.Release|x64.ActiveCfg = Release|x64
		{1C2F2ABB-6229-4864-8623-BDB0B9483179}.Release|x64.Build.0 = Release|x64
		{1C2F2ABB-6229-4864-8623-BDB0B9483179}.Release|x86.ActiveCfg = Release|Win32
		{1C2F2ABB-6229-4864-8623-BDB0B9483179}.Release|x86.Build.0 = Release|Win32
		{28F6C8B8-0235-418C-A039-ED2FD89F5046}.Debug|x64.ActiveCfg = Debug|x64
		{28F6C8B8-0235-418C-A039-ED2FD89F5046}.Debug|x64.Build.0 = Debug|x64
		{28F6C8B8-0235-418C-A039-ED2FD89F5046}.Debug|x86.ActiveCfg = Debug|Win32
		{28F6C8B8-0235-418C-A039-ED2FD89F5046}.Debug|x86.Build.0 = Debug|Win32
		{28F6C8B8-0235-418C-A039-ED2FD89F5046}.Release|x64.ActiveCfg = Release|x64
		{28F6C8B8-0235-418C-A039-ED2FD89F5046}.Release|x64.Build.0 = Release|x64
		{28F6C8B8-0235-418C-A039-ED2FD89F5046}.Release|x86.ActiveCfg = Release|Win32
		{28F6C8B8-0235-418C-A039-ED2FD89F5046}.Release|x86.Build.0 = Release|Win32
		{7EBF8758-7494-4401-A9EC-177F5B421671}.Debug|x64.ActiveCfg = Debug|x64
		{7EBF8758-7494-4401-A9EC-177F5B421671}.Debug|x64.Build.0 = Debug|x64
		{7EBF8758-7494-4401-A9EC-177F5B421671}.Debug|x86.ActiveCfg = Debug|Win32
		{7EBF8758-7494-4401-A9EC-177F5B421671}.Debug|x86.Build.0 = Debug|Win32
		{7EBF8758-7494-4401-A9EC-177F5B421671}.Release|x64.ActiveCfg = Release|x64
		{7EBF8758-7494-4401-A9EC-177F5B421671}.Release|x64.Build.0 = Release|x64
		{7EBF8758-7494-4401-A9EC-177F5B421671}.Release|x86.ActiveCfg = Release|Win32
		{7EBF8758-7494-4401-A9EC-177F5B421671}.Release|x86.Build.0 = Release|Win32
		{E058A1DC-E4CC-4C4F-9A9C-93C931DC1BEA}.Debug|x64.ActiveCfg = Debug|x64
		{E058A1DC-E4CC-4C4F-9A9C-93C931DC1BEA}.Debug|x64.Build.0 = Debug|x64
		{E058A1DC-E4CC-4C4F-9A9C-93C931DC1BEA}.Debug|x86.ActiveCfg = Debug|Win32
		{E058A1DC-E4CC-4C4F-9A9C-93C931DC1BEA}.Debug|x86.Build.0 = Debug|Win32
		{E058A1DC-E4CC-4C4F-9A9C-93C931DC1BEA}.Release|x64.ActiveCfg = Release|x64
		{E058A1DC-E4CC-4C4F-9A9C-93C931DC1BEA}.Release|x64.Build.0 = Release|x64
		{E058A1DC-E4CC-4C4F-9A9C-93C931DC1BEA}.Release|x86.ActiveCfg = Release|Win32
		{E058A1DC-E4CC-4C4F-9A9C-93C931DC1BEA}.Release|x86.Build.0 = Release|Win32
		{136E903E-6762-4B8A-90D7-873D6A501707}.Debug|x64.ActiveCfg = Debug|x64
		{136E903E-6762-4B8A-90D7-873D6A501707}.Debug|x64.Build.0 = Debug|x64
		{136E903E-6762-4B8A-90D7-873D6A501707}.Debug|x86.ActiveCfg = Debug|Win32
		{136E903E-6762-4B8A-90D7-873D6A501707}.Debug|x86.Build.0 = Debug|Win32
		{136E903E-6762-4B8A-90D7-873D6A501707}.Release|x64.ActiveCfg = Release|x64
		{136E903E-6762-4B8A-90D7-873D6A501707}.Release|x64.Build.0 = Release|x64
		{136E903E-6762-4B8A-90D7-873D6A501707}.Release|x86.ActiveCfg = Release|Win32
		{136E903E-6762-4B8A-90D7-873D6A501707}.Release|x86.Build.0 = Release|Win32
		{659D5E10-B384-4F4D-BA14-CCC132EB332A}.Debug|x64.ActiveCfg = Debug|x64
		{659D5E10-B384-4F4D-BA14-CCC132EB332A}.Debug|x64.Build.0 = Debug|x64
		{659D5E10-B384-4F4D-BA14-CCC132EB332A}.Debug|x86.ActiveCfg = Debug|Win32
		{659D5E10-B384-4F4D-BA14-CCC132EB332A}.Debug|x86.Build.0 = Debug|Win32
		{659D5E10-B384-4F4D-BA14-CCC132EB332A}.Release|x64.ActiveCfg = Release|x64
		{659D5E10-B384-4F4D-BA14-CCC132EB332A}.Release|x64.Build.0 = Release|x64
		{659D5E10-B384-4F4D-BA14-CCC132EB332A}.Release|x86.ActiveCfg = Release|Win32
		{659D5E10-B384-4F4D-BA14-CCC132EB332A}.Release|x86.Build.0 = Release|Win32
		{A62CE156-460B-4B86-947A-04B80EFE13AA}.Debug|x64.ActiveCfg = Debug|x64
		{A62CE156-460B-4B86-947A-04B80EFE13AA}.Debug|x64.Build.0 = Debug|x64
		{A62CE156-460B-4B86-947A-04B80EFE13AA}.Debug|x86.ActiveCfg = Debug|Win32
		{A62CE156-460B-4B86-947A-04B80EFE13AA}.Debug|x86.Build.0 = Debug|Win32
		{A62CE156-460B-4B86-947A-04B80EFE13AA}.Release|x64.ActiveCfg = Release|x64
		{A62CE156-460B-4B86-947A-04B80EFE13AA}.Release|x64.Build.0 = Release|x64
		{A62CE156-460B-4B86-947A-04B80EFE13AA}.Release|x86.ActiveCfg = Release|Win32
		{A62CE156-460B-4B86-947A-04B80EFE13AA}.Release|x86.Build.0 = Release|Win32
		{9A4A9685-F247-4CBE-859D-9F3DA1513EAC}.Debug|x64.ActiveCfg = Debug|x64
		{9A4A9685-F247-4CBE-859D-9F3DA1513EAC}.Debug|x64.Build.0 = Debug|x64
		{9A4A9685-F247-4CBE-859D-9F3DA1513EAC}.Debug|x86.ActiveCfg = Debug|Win32
		{9A4A9685-F247-4CBE-859D-9F3DA1513EAC}.Debug|x86.Build.0 = Debug|Win32
		{9A4A9685-F247-4CBE-859D-9F3DA1513EAC}.Release|x64.ActiveCfg = Release|x64
		{9A4A9685-F247-4CBE-859D-9F3DA1513EAC}.Release|x64.Build.0 = Release|x64
		{9A4A9685-F247-4CBE-859D-9F3DA1513EAC}.Release|x86.ActiveCfg = Release|Win32
		{9A4A9685-F247-4CBE-859D-9F3DA1513EAC}.Release|x86.Build.0 = Release|Win32
		{D8A2E7FC-DD56-4DD7-A2CB-F756F8824744}.Debug|x64.ActiveCfg = Debug|x64
		{D8A2E7FC-DD56-4DD7-A2CB-F756F8824744}.Debug|x64.Build.0 = Debug|x64
		{D8A2E7FC-DD56-4DD7-A2CB-F756F8824744}.Debug|x86.ActiveCfg = Debug|Win32
		{D8A2E7FC-DD56-4DD7-A2CB-F756F8824744}.Debug|x86.Build.0 = Debug|Win32
		{D8A2E7FC-DD56-4DD7-A2CB-F756F8824744}.Release|x64.ActiveCfg = Release|x64
		{D8A2E7FC-DD56-4DD7-A2CB-F756F8824744}.Release|x64.Build.0 = Release|x64
		{D8A2E7FC-DD56-4DD7-A2CB-F756F8824744}.Release|x86.ActiveCfg = Release|Win32
		{D8A2E7FC-DD56-4DD7-A2CB-F756F8824744}.Release|x86.Build.0 = Release|Win32
		{20818634-0B58-4951-A476-183BB8A50BE2}.Debug|x64.ActiveCfg = Debug|x64
		{20818634-0B58-4951-A476-183BB8A50BE2}.Debug|x64.Build.0 = Debug|x64
		{20818634-0B58-4951-A476-183BB8A50BE2}.Debug|x86.ActiveCfg = Debug|Win32
		{20818634-0B58-4951-A476-183BB8A50BE2}.Debug|x86.Build.0 = Debug|Win32
		{20818634-0B58-4951-A476-183BB8A50BE2}.Release|x64.ActiveCfg = Release|x64
		{20818634-0B58-4951-A476-183BB8A50BE2}.Release|x64.Build.0 = Release|x64
		{20818634-0B58-4951-A476-183BB8A50BE2}.Release|x86.ActiveCfg = Release|Win32
		{20818634-0B58-4951-A476-183BB8A50BE2}.Release|x86.Build.0 = Release|Win32
		{14868325-0530-432C-B350-15F91D079294}.Debug|x64.ActiveCfg = Debug|x64
		{14868325-0530-432C-B350-15F91D079294}.Debug|x64.Build.0 = Debug|x64
		{14868325-0530-432C-B350-15F91D079294}.Debug|x86.ActiveCfg = Debug|Win32
		{14868325-0530-432C-B350-15F91D079294}.Debug|x86.Build.0 = Debug|Win32
		{14868325-0530-432C-B350-15F91D079294}.Release|x64.ActiveCfg = Release|x64
		{14868325-0530-432C-B350-15F91D079294}.Release|x64.Build.0 = Release|x64
		{14868325-0530-432C-B350-15F91D079294}.Release|x86.ActiveCfg = Release|Win32
		{14868325-0530-432C-B350-15F91D079294}.Release|x86.Build.0 = Release|Win32
		{AB086AB5-4D1C-4391-A9FC-2D5941BF1DE5}.Debug|x64.ActiveCfg = Debug|x64
		{AB086AB5-4D1C-4391-A9FC-2D5941BF1DE5}.Debug|x64.Build.0 = Debug|x64
		{AB086AB5-4D1C-4391-A9FC-2D5941BF1DE5}.Debug|x86.ActiveCfg = Debug|Win32
		{AB086AB5-4D1C-4391-A9FC-2D5941BF1DE5}.Debug|x86.Build.0 = Debug|Win32
		{AB086AB5-4D1C-4391-A9FC-2D5941BF1DE5}.Release|x64.ActiveCfg = Release|x64
		{AB086AB5-4D1C-4391-A9FC-2D5941BF1DE5}.Release|x64.Build.0 = Release|x64
		{AB086AB5-4D1C-4391-A9FC-2D5941BF1DE5}.Release|x86.ActiveCfg = Release|Win32
		{AB086AB5-4D1C-4391-A9FC-2D5941BF1DE5}.Release|x86.Build.0 = Release|Win32
		{E44644F6-FCE7-4EDC-8C9C-30208A8838AA}.Debug|x64.ActiveCfg = Debug|x64
		{E44644F6-FCE7-4EDC-8C9C-30208A8838AA}.Debug|x64.Build.0 = Debug|x64
		{E44644F6-FCE7-4EDC-8C9C-30208A8838AA}.Debug|x86.ActiveCfg = Debug|Win32
		{E44644F6-FCE7-4EDC-8C9C-30208A8838AA}.Debug|x86.Build.0 = Debug|Win32
		{E44644F6-FCE7-4EDC-8C9C-30208A8838AA}.Release|x64.ActiveCfg = Release|x64
		{E44644F6-FCE7-4EDC-8C9C-30208A8838AA}.Release|x64.Build.0 = Release|x64
		{E44644F6-FCE7-4EDC-8C9C-30208A8838AA}.Release|x86.ActiveCfg = Release|Win32
		{E44644F6-FCE7-4EDC-8C9C-30208A8838AA}.Release|x86.Build.0 = Release|Win32
		{852F2C9E-B0F2-4A2F-BCC8-78B069D8CE0F}.Debug|x64.ActiveCfg = Debug|x64
		{852F2C9E-B0F2-4A2F-BCC8-78B069D8CE0F}.Debug|x64.Build.0 = Debug|x64
		{852F2C9E-B0F2-4A2F-BCC8-78B069D8CE0F}.Debug|x86.ActiveCfg = Debug|Win32
		{852F2C9E-B0F2-4A2F-BCC8-78B069D8CE0F}.Debug|x86.Build.0 = Debug|Win32
		{852F2C9E-B0F2-4A2F-BCC8-78B069D8CE0F}.Release|x64.ActiveCfg = Release|x64
		{852F2C9E-B0F2-4A2F-BCC8-78B069D8CE0F}.Release|x64.Build.0 = Release|x64
		{852F2C9E-B0F2-4A2F-BCC8-78B069D8CE0F}.Release|x86.ActiveCfg = Release|Win32
		{852F2C9E-B0F2-4A2F-BCC8-78B069D8CE0F}.Release|x86.Build.0 = Release|Win32
		{B326734D-D849-44DC-BE11-002BE8EE1F90}.Debug|x64.ActiveCfg = Debug|x64
		{B326734D-D849-44DC-BE11-002BE8EE1F90}.Debug|x64.Build.0 = Debug|x64
		{B326734D-D849-44DC-BE11-002BE8EE1F90}.Debug|x86.ActiveCfg = Debug|Win32
		{B326734D-D849-44DC-BE11-002BE8EE1F90}.Debug|x86.Build.0 = Debug|Win32
		{B326734D-D849-44DC-BE11-002BE8EE1F90}.Release|x64.ActiveCfg = Release|x64
		{B326734D-D849-44DC-BE11-002BE8EE1F90}.Release|x64.Build.0 = Release|x64
		{B326734D-D849-44DC-BE11-002BE8EE1F90}.Release|x86.ActiveCfg = Release|Win32
		{B326734D-D849-44DC-BE11-002BE8EE1F90}.Release|x86.Build.0 = Release|Win32
		{5445BFC1-1DA1-485A-AAA2-EDD453FF43FE}.Debug|x64.ActiveCfg = Debug|x64
		{5445BFC1-1DA1-485A-AAA2-EDD453FF43FE}.Debug|x64.Build.0 = Debug|x64
		{5445BFC1-1DA1-485A-AAA2-EDD453FF43FE}.Debug|x86.ActiveCfg = Debug|Win32
		{5445BFC1-1DA1-485A-AAA2-EDD453FF43FE}.Debug|x86.Build.0 = Debug|Win32
		{5445BFC1-1DA1-485A-AAA2-EDD453FF43FE}.Release|x64.ActiveCfg = Release|x64
		{5445BFC1-1DA1-485A-AAA2-EDD453FF43FE}.Release|x64.Build.0 = Release|x64
		{5445BFC1-1DA1-485A-AAA2-EDD453FF43FE}.Release|x86.ActiveCfg = Release|Win32
		{5445BFC1-1DA1-485A-AAA2-EDD453FF43FE}.Release|x86.Build.0 = Release|Win32
		{2507A181-D6CE-49C1-B452-F9FA75E949F8}.Debug|x64.ActiveCfg = Debug|x64
		{2507A181-D6CE-49C1-B452-F9FA75E949F8}.Debug|x64.Build.0 = Debug|x64
		{2507A181-D6CE-49C1-B452-F9FA75E949F8}.Debug|x86.ActiveCfg = Debug|Win32
		{2507A181-D6CE-49C1-B452-F9FA75E949F8}.Debug|x86.Build.0 = Debug|Win32
		{2507A181-D6CE-49C1-B452-F9FA75E949F8}.Release|x64.ActiveCfg = Release|x64
		{2507A181-D6CE-49C1-B452-F9FA75E949F8}.Release|x64.Build.0 = Release|x64
		{2507A181-D6CE-49C1-B452-F9FA75E949F8}.Release|x86.ActiveCfg = Release|Win32
		{2507A181-D6CE-49C1-B452-F9FA75E949F8}.Release|x86.Build.0 = Release|Win32
		{BA851683-D7F5-4981-AE84-D7BC87B3F562}.Debug|x64.ActiveCfg = Debug|x64
		{BA851683-D7F5-4981-AE84-D7BC87B3F562}.Debug|x64.Build.0 = Debug|x64
		{BA851683-D7F5-4981-AE84-D7BC87B3F562}.Debug|x86.ActiveCfg = Debug|Win32
		{BA851683-D7F5-4981-AE84-D7BC87B3F562}.Debug|x86.Build.0 = Debug|Win32
		{BA851683-D7F5-4981-AE84-D7BC87B3F562}.Release|x64.ActiveCfg = Release|x64
		{BA851683-D7F5-4981-AE84-D7BC87B3F562}.Release|x64.Build.0 = Release|x64
		{BA851683-D7F5-4981-AE84-D7BC87B3F562}.Release|x86.ActiveCfg = Release|Win32
		{BA851683-D7F5-4981-AE84-D7BC87B3F562}.Release|x86.Build.0 = Release|Win32
		{9B2496ED-29FC-44C4-8303-DF55A12ED25B}.Debug|x64.ActiveCfg = Debug|x64
		{9B2496ED-29FC-44C4-8303-DF55A12ED25B}.Debug|x64.Build.0 = Debug|x64
		{9B2496ED-29FC-44C4-8303-DF55A12ED25B}.Debug|x86.ActiveCfg = Debug|Win32
		{9B2496ED-29FC-44C4-8303-DF55A12ED25B}.Debug|x86.Build.0 = Debug|Win32
		{9B2496ED-29FC-44C4-8303-DF55A12ED25B}.Release|x64.ActiveCfg = Release|x64
		{9B2496ED-29FC-44C4-8303-DF55A12ED25B}.Release|x64.Build.0 = Release|x64
		{9B2496ED-29FC-44C4-8303-DF55A12ED25B}.Release|x86.ActiveCfg = Release|Win32
		{9B2496ED-29FC-44C4-8303-DF55A12ED25B}.Release|x86.Build.0 = Release|Win32
		{317E5065-F660-443F-B405-1198E9368A4E}.Debug|x64.ActiveCfg = Debug|x64
		{317E5065-F660-443F-B405-1198E9368A4E}.Debug|x64.Build.0 = Debug|x64
		{317E5065-F660-443F-B405-1198E9368A4E}.Debug|x86.ActiveCfg = Debug|Win32
		{317E5065-F660-443F-B405-1198E9368A4E}.Debug|x86.Build.0 = Debug|Win32
		{317E5065-F660-443F-B405-1198E9368A4E}.Release|x64.ActiveCfg = Release|x64
		{317E5065-F660-443F-B405-1198E9368A4E}.Release|x64.Build.0 = Release|x64
		{317E5065-F660-443F-B405-1198E9368A4E}.Release|x86.ActiveCfg = Release|Win32
		{317E5065-F660-443F-B405-1198E9368A4E}.Release|x86.Build.0 = Release|Win32
		{652EEC65-3B68-4638-ABA8-E6BA5372911F}.Debug|x64.ActiveCfg = Debug|x64
		{652EEC65-3B68-4638-ABA8-E6BA5372911F}.Debug|x64.Build.0 = Debug|x64
		{652EEC65-3B68-4638-ABA8-E6BA5372911F}.Debug|x86.ActiveCfg = Debug|Win32
		{652EEC65-3B68-4638-ABA8-E6BA5372911F}.Debug|x86.Build.0 = Debug|Win32
		{652EEC65-3B68-4638-ABA8-E6BA5372911F}.Release|x64.ActiveCfg = Release|x64
		{652EEC65-3B68-4638-ABA8-E6BA5372911F}.Release|x64.Build.0 = Release|x64
		{652EEC65-3B68-4638-ABA8-E6BA5372911F}.Release|x86.ActiveCfg = Release|Win32
		{652EEC65-3B68-4638-ABA8-E6BA5372911F}.Release|x86.Build.0 = Release|Win32
		{5B2F61BB-94EA-4729-9751-FC28D512D2E8}.Debug|x64.ActiveCfg = Debug|x64
		{5B2F61BB-94EA-4729-9751-FC28D512D2E8}.Debug|x64.Build.0 = Debug|x64
		{5B2F61BB-94EA-4729-9751-FC28D512D2E8}.Debug|x86.ActiveCfg = Debug|Win32
		{5B2F61BB-94EA-4729-9751-FC28D512D2E8}.Debug|x86.Build.0 = Debug|Win32
		{5B2F61BB-94EA-4729-9751-FC28D512D2E8}.Release|x64.ActiveCfg = Release|x64
		{5B2F61BB-94EA-4729-9751-FC28D512D2E8}.Release|x64.Build.0 = Release|x64
		{5B2F61BB-94EA-4729-9751-FC28D512D2E8}.Release|x86.ActiveCfg = Release|Win32
		{5B2F61BB-94EA-4729-9751-FC28D512D2E8}.Release|x86.Build.0 = Release|Win32
		{09773590-6A18-43AF-BB3E-8D3AD6221830}.Debug|x64.ActiveCfg = Debug|x64
		{09773590-6A18-43AF-BB3E-8D3AD6221830}.Debug|x64.Build.0 = Debug|x64
		{09773590-6A18-43AF-BB3E-8D3AD6221830}.Debug|x86.ActiveCfg = Debug|Win32
		{09773590-6A18-43AF-BB3E-8D3AD6221830}.Debug|x86.Build.0 = Debug|Win32
		{09773590-6A18-43AF-BB3E-8D3AD6221830}.Release|x64.ActiveCfg = Release|x64
		{09773590-6A18-43AF-BB3E-8D3AD6221830}.Release|x64.Build.0 = Release|x64
		{09773590-6A18-43AF-BB3E-8D3AD6221830}.Release|x86.ActiveCfg = Release|Win32
		{09773590-6A18-43AF-BB3E-8D3AD6221830}.Release|x86.Build.0 = Release|Win32
		{53C208CC-3A81-4FAA-8C56-ED1C5392117A}.Debug|x64.ActiveCfg = Debug|x64
		{53C208CC-3A81-4FAA-8C56-ED1C5392117A}.Debug|x64.Build.0 = Debug|x64
		{53C208CC-3A81-4FAA-8C56-ED1C5392117A}.Debug|x86.ActiveCfg = Debug|Win32
		{53C208CC-3A81-4FAA-8C56-ED1C5392117A}.Debug|x86.Build.0 = Debug|Win32
		{53C208CC-3A81-4FAA-8C56-ED1C5392117A}.Release|x64.ActiveCfg = Release|x64
		{53C208CC-3A81-4FAA-8C56-ED1C5392117A}.Release|x64.Build.0 = Release|x64
		{53C208CC-3A81-4FAA-8C56-ED1C5392117A}.Release|x86.ActiveCfg = Release|Win32
		{53C208CC-3A81-4FAA-8C56-ED1C5392117A}.Release|x86.Build.0 = Release|Win32
		{00333654-2B90-4724-B1A8-D81F65B79FAA}.Debug|x64.ActiveCfg = Debug|x64
		{00333654-2B90-4724-B1A8-D81F65B79FAA}.Debug|x64.Build.0 = Debug|x64
		{00333654-2B90-4724-B1A8-D81F65B79FAA}.Debug|x86.ActiveCfg = Debug|Win32
		{00333654-2B90-4724-B1A8-D81F65B79FAA}.Debug|x86.Build.0 = Debug|Win32
		{00333654-2B90-4724-B1A8-D81F65B79FAA}.Release|x64.ActiveCfg = Release|x64
		{00333654-2B90-4724-B1A8-D81F65B79FAA}.Release|x64.Build.0 = Release|x64
		{00333654-2B90-4724-B1A8-D81F65B79FAA}.Release|x86.ActiveCfg = Release|Win32
		{00333654-2B90-4724-B1A8-D81F65B79FAA}.Release|x86.Build.0 = Release|Win32
		{1D23FA4D-078F-4DB0-8377-5BDC8F56BA2B}.Debug|x64.ActiveCfg = Debug|x64
		{1D23FA4D-078F-4DB0-8377-5BDC8F56BA2B}.Debug|x64.Build.0 = Debug|x64
		{1D23FA4D-078F-4DB0-8377-5BDC8F56BA2B}.Debug|x86.ActiveCfg = Debug|Win32
		{1D23FA4D-078F-4DB0-8377-5BDC8F56BA2B}.Debug|x86.Build.0 = Debug|Win32
		{1D23FA4D-078F-4DB0-8377-5BDC8F56BA2B}.Release|x64.ActiveCfg = Release|x64
		{1D23FA4D-078F-4DB0-8377-5BDC8F56BA2B}.Release|x64.Build.0 = Release|x64
		{1D23FA4D-078F-4DB0-8377-5BDC8F56BA2B}.Release|x86.ActiveCfg = Release|Win32
		{1D23FA4D-078F-4DB0-8377-5BDC8F56BA2B}.Release|x86.Build.0 = Release|Win32
		{15B5FB4F-4CA1-4F11-8ECF-B682353AA53E}.Debug|x64.ActiveCfg = Debug|x64
		{15B5FB4F-4CA1-4F11-8ECF-B682353AA53E}.Debug|x64.Build.0 = Debug|x64
		{15B5FB4F-4CA1-4F11-8ECF-B682353AA53E}.Debug|x86.ActiveCfg = Debug|Win32
		{15B5FB4F-4CA1-4F11-8ECF-B682353AA53E}.Debug|x86.Build.0 = Debug|Win32
		{15B5FB4F-4CA1-4F11-8ECF-B682353AA53E}.Release|x64.ActiveCfg = Release|x64
		{15B5FB4F-4CA1-4F11-8ECF-B682353AA53E}.Release|x64.Build.0 = Release|x64
		{15B5FB4F-4CA1-4F11-8ECF-B682353AA53E}.Release|x86.ActiveCfg = Release|Win32
		{15B5FB4F-4CA1-4F11-8ECF-B682353AA53E}.Release|x86.Build.0 = Release|Win32
		{32DD213D-6ED4-4A22-975D-0B157692030B}.Debug|x64.ActiveCfg = Debug|x64
		{32DD213D-6ED4-4A22-975D-0B157692030B}.Debug|x64.Build.0 = Debug|x64
		{32DD213D-6ED4-4A22-975D-0B157692030B}.Debug|x86.ActiveCfg = Debug|Win32
		{32DD213D-6ED4-4A22-975D-0B157692030B}.Debug|x86.Build.0 = Debug|Win32
		{32DD213D-6ED4-4A22-975D-0B157692030B}.Release|x64.ActiveCfg = Release|x64
		{32DD213D-6ED4-4A22-975D-0B157692030B}.Release|x64.Build.0 = Release|x64
		{32DD213D-6ED4-4A22-975D-0B157692030B}.Release|x86.ActiveCfg = Release|Win32
		{32DD213D-6ED4-4A22-975D-0B157692030B}.Release|x86.Build.0 = Release|Win32
		{D94555FF-451C-4C6E-BBE4-889880A53E2B}.Debug|x64.ActiveCfg = Debug|x64
		{D94555FF-451C-4C6E-BBE4-889880A53E2B}.Debug|x64.Build.0 = Debug|x64
		{D94555FF-451C-4C6E-BBE4-889880A53E2B}.Debug|x86.ActiveCfg = Debug|Win32
		{D94555FF-451C-4C6E-BBE4-889880A53E2B}.Debug|x86.Build.0 = Debug|Win32
		{D94555FF-451C-4C6E-BBE4-889880A53E2B}.Release|x64.ActiveCfg = Release|x64
		{D94555FF-451C-4C6E-BBE4-889880A53E2B}.Release|x64.Build.0 = Release|x64
		{D94555FF-451C-4C6E-BBE4-889880A53E2B}.Release|x86.ActiveCfg = Release|Win32
		{D94555FF-451C-4C6E-BBE4-889880A53E2B}.Release|x86.Build.0 = Release|Win32
		{E7B1F51A-9FD5-41CB-AEBE-37B2838C485F}.Debug|x64.ActiveCfg = Debug|x64
		{E7B1F51A-9FD5-41CB-AEBE-37B2838C485F}.Debug|x64.Build.0 = Debug|x64
		{E7B1F51A-9FD5-41CB-AEBE-37B2838C485F}.Debug|x86.ActiveCfg = Debug|Win32
		{E7B1F51A-9FD5-41CB-AEBE-37B2838C485F}.Debug|x86.Build.0 = Debug|Win32
		{E7B1F51A-9FD5-41CB-AEBE-37B2838C485F}.Release|x64.ActiveCfg = Release|x64
		{E7B1F51A-9FD5-41CB-AEBE-37B2838C485F}.Release|x64.Build.0 = Release|x64
		{E7B1F51A-9FD5-41CB-AEBE-37B2838C485F}.Release|x86.ActiveCfg = Release|Win32
		{E7B1F51A-9FD5-41CB-AEBE-37B2838C485F}.Release|x86.Build.0 = Release|Win32
		{6E2AAE1F-708F-4792-9ECE-D6FBF491F2F4}.Debug|x64.ActiveCfg = Debug|x64
		{6E2AAE1F-708F-4792-9ECE-D6FBF491F2F4}.Debug|x64.Build.0 = Debug|x64
		{6E2AAE1F-708F-4792-9ECE-D6FBF491F2F4}.Debug|x86.ActiveCfg = Debug|Win32
		{6E2AAE1F-708F-4792-9ECE-D6FBF491F2F4}.Debug|x86.Build.0 = Debug|Win32
		{6E2AAE1F-708F-4792-9ECE-D6FBF491F2F4}.Release|x64.ActiveCfg = Release|x64
		{6E2AAE1F-708F-4792-9ECE-D6FBF491F2F4}.Release|x64.Build.0 = Release|x64
		{6E2AAE1F-708F-4792-9ECE-D6FBF491F2F4}.Release|x86.ActiveCfg = Release|Win32
		{6E2AAE1F-708F-4792-9ECE-D6FBF491F2F4}.Release|x86.Build.0 = Release|Win32
		{A553E127-B5DC-4502-A316-464B2AB8D000}.Debug|x64.ActiveCfg = Debug|x64
		{A553E127-B5DC-4502-A316-464B2AB8D000}.Debug|x64.Build.0 = Debug|x64
		{A553E127-B5DC-4502-A316-464B2AB8D000}.Debug|x86.ActiveCfg = Debug|Win32
		{A553E127-B5DC-4502-A316-464B2AB8D000}.Debug|x86.Build.0 = Debug|Win32
		{A553E127-B5DC-4502-A316-464B2AB8D000}.Release|x64.ActiveCfg = Release|x64
		{A553E127-B5DC-4502-A316-464B2AB8D000}.Release|x64.Build.0 = Release|x64
		{A553E127-B5DC-4502-A316-464B2AB8D000}.Release|x86.ActiveCfg = Release|Win32
		{A553E127-B5DC-4502-A316-464B2AB8D000}.Release|x86.Build.0 = Release|Win32
		{9F438C9F-47F1-43CF-BB42-E80A4C93C5F5}.Debug|x64.ActiveCfg = Debug|x64
		{9F438C9F-47F1-43CF-BB42-E80A4C93C5F5}.Debug|x64.Build.0 = Debug|x64
		{9F438C9F-47F1-43CF-BB42-E80A4C93C5F5}.Debug|x86.ActiveCfg = Debug|Win32
		{9F438C9F-47F1-43CF-BB42-E80A4C93C5F5}.Debug|x86.Build.0 = Debug|Win32
		{9F438C9F-47F1-43CF-BB42-E80A4C93C5F5}.Release|x64.ActiveCfg = Release|x64
		{9F438C9F-47F1-43CF-BB42-E80A4C93C5F5}.Release|x64.Build.0 = Release|x64
		{9F438C9F-47F1-43CF-BB42-E80A4C93C5F5}.Release|x86.ActiveCfg = Release|Win32
		{9F438C9F-47F1-43CF-BB42-E80A4C93C5F5}.Release|x86.Build.0 = Release|Win32
		{E4A7EE01-5CC0-4415-ABF6-D21A1668C04D}.Debug|x64.ActiveCfg = Debug|x64
		{E4A7EE01-5CC0-4415-ABF6-D21A1668C04D}.Debug|x64.Build.0 = Debug|x64
		{E4A7EE01-5CC0-4415-ABF6-D21A1668C04D}.Debug|x86.ActiveCfg = Debug|Win32
		{E4A7EE01-5CC0-4415-ABF6-D21A1668C04D}.Debug|x86.Build.0 = Debug|Win32
		{E4A7EE01-5CC0-4415-ABF6-D21A1668C04D}.Release|x64.ActiveCfg = Release|x64
		{E4A7EE01-5CC0-4415-ABF6-D21A1668C04D}.Release|x64.Build.0 = Release|x64
		{E4A7EE01-5CC0-4415-ABF6-D21A1668C04D}.Release|x86.ActiveCfg = Release|Win32
		{E4A7EE01-5CC0-4415-ABF6-D21A1668C04D}.Release|x86.Build.0 = Release|Win32
		{C926C42A-2E8B-483B-A7B7-D1DB9CD7CCA1}.Debug|x64.ActiveCfg = Debug|x64
		{C926C42A-2E8B-483B-A7B7-D1DB9CD7CCA1}.Debug|x64.Build.0 = Debug|x64
		{C926C42A-2E8B-483B-A7B7-D1DB9CD7CCA1}.Debug|x86.ActiveCfg = Debug|Win32
		{C926C42A-2E8B-483B-A7B7-D1DB9CD7CCA1}.Debug|x86.Build.0 = Debug|Win32
		{C926C42A-2E8B-483B-A7B7-D1DB9CD7CCA1}.Release|x64.ActiveCfg = Release|x64
		{C926C42A-2E8B-483B-A7B7-D1DB9CD7CCA1}.Release|x64.Build.0 = Release|x64
		{C926C42A-2E8B-483B-A7B7-D1DB9CD7CCA1}.Release|x86.ActiveCfg = Release|Win32
		{C926C42A-2E8B-483B-A7B7-D1DB9CD7CCA1}.Release|x86.Build.0 = Release|Win32
		{BBF2CFAD-6DA0-4FED-9261-75D6FCF961E7}.Debug|x64.ActiveCfg = Debug|x64
		{BBF2CFAD-6DA0-4FED-9261-75D6FCF961E7}.Debug|x64.Build.0 = Debug|x64
		{BBF2CFAD-6DA0-4FED-9261-75D6FCF961E7}.Debug|x86.ActiveCfg = Debug|Win32
		{BBF2CFAD-6DA0-4FED-9261-75D6FCF961E7}.Debug|x86.Build.0 = Debug|Win32
		{BBF2CFAD-6DA0-4FED-9261-75D6FCF961E7}.Release|x64.ActiveCfg = Release|x64
		{BBF2CFAD-6DA0-4FED-9261-75D6FCF961E7}.Release|x64.Build.0 = Release|x64
		{BBF2CFAD-6DA0-4FED-9261-75D6FCF961E7}.Release|x86.ActiveCfg = Release|Win32
		{BBF2CFAD-6DA0-4FED-9261-75D6FCF961E7}.Release|x86.Build.0 = Release|Win32
		{D3EF9693-D813-4BDA-92EA-DECFC45679B7}.Debug|x64.ActiveCfg = Debug|x64
		{D3EF9693-D813-4BDA-92EA-DECFC45679B7}.Debug|x64.Build.0 = Debug|x64
		{D3EF9693-D813-4BDA-92EA-DECFC45679B7}.Debug|x86.ActiveCfg = Debug|Win32
		{D3EF9693-D813-4BDA-92EA-DECFC45679B7}.Debug|x86.Build.0 = Debug|Win32
		{D3EF9693-D813-4BDA-92EA-DECFC45679B7}.Release|x64.ActiveCfg = Release|x64
		{D3EF9693-D813-4BDA-92EA-DECFC45679B7}.Release|x64.Build.0 = Release|x64
		{D3EF9693-D813-4BDA-92EA-DECFC45679B7}.Release|x86.ActiveCfg = Release|Win32
		{D3EF9693-D813-4BDA-92EA-DECFC45679B7}.Release|x86.Build.0 = Release|Win32
		{1E50C8E5-FE55-4C1B-BDDF-EEEF5578899F}.Debug|x64.ActiveCfg = Debug|x64
		{1E50C8E5-FE55-4C1B-BDDF-EEEF5578899F}.Debug|x64.Build.0 = Debug|x64
		{1E50C8E5-FE55-4C1B-BDDF-EEEF5578899F}.Debug|x86.ActiveCfg = Debug|Win32
		{1E50C8E5-FE55-4C1B-BDDF-EEEF5578899F}.Debug|x86.Build.0 = Debug|Win32
		{1E50C8E5-FE55-4C1B-BDDF-EEEF5578899F}.Release|x64.ActiveCfg = Release|x64
		{1E50C8E5-FE55-4C1B-BDDF-EEEF5578899F}.Release|x64.Build.0 = Release|x64
		{1E50C8E5-FE55-4C1B-BDDF-EEEF5578899F}.Release|x86.ActiveCfg = Release|Win32
		{1E50C8E5-FE55-4C1B-BDDF-EEEF5578899F}.Release|x86.Build.0 = Release|Win32
		{66B7BEB8-650D-4710-B686-B45A1A132805}.Debug|x64.ActiveCfg = Debug|x64
		{66B7BEB8-650D-4710-B686-B45A1A132805}.Debug|x64.Build.0 = Debug|x64
		{66B7BEB8-650D-4710-B686-B45A1A132805}.Debug|x86.ActiveCfg = Debug|Win32
		{66B7BEB8-650D-4710-B686-B45A1A132805}.Debug|x86.Build.0 = Debug|Win32
		{66B7BEB8-650D-4710-B686-B45A1A132805}.Release|x64.ActiveCfg = Release|x64
		{66B7BEB8-650D-4710-B686-B45A1A132805}.Release|x64.Build.0 = Release|x64
		{66B7BEB8-650D-4710-B686-B45A1A132805}.Release|x86.ActiveCfg = Release|Win32
		{66B7BEB8-650D-4710-B686-B45A1A132805}.Release|x86.Build.0 = Release|Win32
		{6A48B8E4-EFF6-4319-BCF5-995A4CA101B1}.Debug|x64.ActiveCfg = Debug|x64
		{6A48B8E4-EFF6-4319-BCF5-995A4CA101B1}.Debug|x64.Build.0 = Debug|x64
		{6A48B8E4-EFF6-4319-BCF5-995A4CA101B1}.Debug|x86.ActiveCfg = Debug|Win32
		{6A48B8E4-EFF6-4319-BCF5-995A4CA101B1}.Debug|x86.Build.0 = Debug|Win32
		{6A48B8E4-EFF6-4319-BCF5-995A4CA101B1}.Release|x64.ActiveCfg = Release|x64
		{6A48B8E4-EFF6-4319-BCF5-995A4CA101B1}.Release|x64.Build.0 = Release|x64
		{6A48B8E4-EFF6-4319-BCF5-995A4CA101B1}.Release|x86.ActiveCfg = Release|Win32
		{6A48B8E4-EFF6-4319-BCF5-995A4CA101B1}.Release|x86.Build.0 = Release|Win32
		{29FAB80B-8B9E-4853-94AD-3B2201CF5A8F}.Debug|x64.ActiveCfg = Debug|x64
		{29FAB80B-8B9E-4853-94AD-3B2201CF5A8F}.Debug|x64.Build.0 = Debug|x64
		{29FAB80B-8B9E-4853-94AD-3B2201CF5A8F}.Debug|x86.ActiveCfg = Debug|Win32
		{29FAB80B-8B9E-4853-94AD-3B2201CF5A8F}.Debug|x86.Build.0 = Debug|Win32
		{29FAB80B-8B9E-4853-94AD-3B2201CF5A8F}.Release|x64.ActiveCfg = Release|x64
		{29FAB80B-8B9E-4853-94AD-3B2201CF5A8F}.Release|x64.Build.0 = Release|x64
		{29FAB80B-8B9E-4853-94AD-3B2201CF5A8F}.Release|x86.ActiveCfg = Release|Win32
		{29FAB80B-8B9E-4853-94AD-3B2201CF5A8F}.Release|x86.Build.0 = Release|Win32
		{08A44D58-5F9C-405C-B407-C415E21E46DC}.Debug|x64.ActiveCfg = Debug|x64
		{08A44D58-5F9C-405C-B407-C415E21E46DC}.Debug|x64.Build.0 = Debug|x64
		{08A44D58-5F9C-405C-B407-C415E21E46DC}.Debug|x86.ActiveCfg = Debug|Win32
		{08A44D58-5F9C-405C-B407-C415E21E46DC}.Debug|x86.Build.0 = Debug|Win32
		{08A44D58-5F9C-405C-B407-C415E21E46DC}.Release|x64.ActiveCfg = Release|x64
		{08A44D58-5F9C-405C-B407-C415E21E46DC}.Release|x64.Build.0 = Release|x64
		{08A44D58-5F9C-405C-B407-C415E21E46DC}.Release|x86.ActiveCfg = Release|Win32
		{08A44D58-5F9C-405C-B407-C415E21E46DC}.Release|x86.Build.0 = Release|Win32
		{3D790026-B546-499F-9B80-26754D129DE8}.Debug|x64.ActiveCfg = Debug|x64
		{3D790026-B546-499F-9B80-26754D129DE8}.Debug|x64.Build.0 = Debug|x64
		{3D790026-B546-499F-9B80-26754D129DE8}.Debug|x86.ActiveCfg = Debug|Win32
		{3D790026-B546-499F-9B80-26754D129DE8}.Debug|x86.Build.0 = Debug|Win32
		{3D790026-B546-499F-9B80-26754D129DE8}.Release|x64.ActiveCfg = Release|x64
		{3D790026-B546-499F-9B80-26754D129DE8}.Release|x64.Build.0 = Release|x64
		{3D790026-B546-499F-9B80-26754D129DE8}.Release|x86.ActiveCfg = Release|Win32
		{3D790026-B546-499F-9B80-26754D129DE8}.Release|x86.Build.0 = Release|Win32
		{405F308F-3A7A-4B3D-8CAC-3F419F709555}.Debug|x64.ActiveCfg = Debug|x64
		{405F308F-3A7A-4B3D-8CAC-3F419F709555}.Debug|x64.Build.0 = Debug|x64
		{405F308F-3A7A-4B3D-8CAC-3F419F709555}.Debug|x86.ActiveCfg = Debug|Win32
		{405F308F-3A7A-4B3D-8CAC-3F419F709555}.Debug|x86.Build.0 = Debug|Win32
		{405F308F-3A7A-4B3D-8CAC-3F419F709555}.Release|x64.ActiveCfg = Release|x64
		{405F308F-3A7A-4B3D-8CAC-3F419F709555}.Release|x64.Build.0 = Release|x64
		{405F308F-3A7A-4B3D-8CAC-3F419F709555}.Release|x86.ActiveCfg = Release|Win32
		{405F308F-3A7A-4B3D-8CAC-3F419F709555}.Release|x86.Build.0 = Release|Win32
		{8DBF5D79-0DFD-47DB-8ECC-8E9068BD8F89}.Debug|x64.ActiveCfg = Debug|x64
		{8DBF5D79-0DFD-47DB-8ECC-8E9068BD8F89}.Debug|x64.Build.0 = Debug|x64
		{8DBF5D79-0DFD-47DB-8ECC-8E9068BD8F89}.Debug|x86.ActiveCfg = Debug|Win32
		{8DBF5D79-0DFD-47DB-8ECC-8E9068BD8F89}.Debug|x86.Build.0 = Debug|Win32
		{8DBF5D79-0DFD-47DB-8ECC-8E9068BD8F89}.Release|x64.ActiveCfg = Release|x64
		{8DBF5D79-0DFD-47DB-8ECC-8E9068BD8F89}.Release|x64.Build.0 = Release|x64
		{8DBF5D79-0DFD-47DB-8ECC-8E9068BD8F89}.Release|x86.ActiveCfg = Release|Win32
		{8DBF5D79-0DFD-47DB-8ECC-8E9068BD8F89}.Release|x86.Build.0 = Release|Win32
		{3935C888-3BE0-49D5-A573-49555604E4AE}.Debug|x64.ActiveCfg = Debug|x64
		{3935C888-3BE0-49D5-A573-49555604E4AE}.Debug|x64.Build.0 = Debug|x64
		{3935C888-3BE0-49D5-A573-49555604E4AE}.Debug|x86.ActiveCfg = Debug|Win32
		{3935C888-3BE0-49D5-A573-49555604E4AE}.Debug|x86.Build.0 = Debug|Win32
		{3935C888-3BE0-49D5-A573-49555604E4AE}.Release|x64.ActiveCfg = Release|x64
		{3935C888-3BE0-49D5-A573-49555604E4AE}.Release|x64.Build.0 = Release|x64
		{3935C888-3BE0-49D5-A573-49555604E4AE}.Release|x86.ActiveCfg = Release|Win32
		{3935C888-3BE0-49D5-A573-49555604E4AE}.Release|x86.Build.0 = Release|Win32
		{C1EF2991-C2C2-4A6C-AE00-E15D68F314DB}.Debug|x64.ActiveCfg = Debug|x64
		{C1EF2991-C2C2-4A6C-AE00-E15D68F314DB}.Debug|x64.Build.0 = Debug|x64
		{C1EF2991-C2C2-4A6C-AE00-E15D68F314DB}.Debug|x86.ActiveCfg = Debug|Win32
		{C1EF2991-C2C2-4A6C-AE00-E15D68F314DB}.Debug|x86.Build.0 = Debug|Win32
		{C1EF2991-C2C2-4A6C-AE00-E15D68F314DB}.Release|x64.ActiveCfg = Release|x64
		{C1EF2991-C2C2-4A6C-AE00-E15D68F314DB}.Release|x64.Build.0 = Release|x64
		{C1EF2991-C2C2-4A6C-AE00-E15D68F314DB}.Release|x86.ActiveCfg = Release|Win32
		{C1EF2991-C2C2-4A6C-AE00-E15D68F314DB}.Release|x86.Build.0 = Release|Win32
		{12AA1196-7289-45EE-8B9D-6A51892A415D}.Debug|x64.ActiveCfg = Debug|x64
		{12AA1196-7289-45EE-8B9D-6A51892A415D}.Debug|x64.Build.0 = Debug|x64
		{12AA1196-7289-45EE-8B9D-6A51892A415D}.Debug|x86.ActiveCfg = Debug|Win32
		{12AA1196-7289-45EE-8B9D-6A51892A415D}.Debug|x86.Build.0 = Debug|Win32
		{12AA1196-7289-45EE-8B9D-6A51892A415D}.Release|x64.ActiveCfg = Release|x64
		{12AA1196-7289-45EE-8B9D-6A51892A415D}.Release|x64.Build.0 = Release|x64
		{12AA1196-7289-45EE-8B9D-6A51892A415D}.Release|x86.ActiveCfg = Release|Win32
		{12AA1196-7289-45EE-8B9D-6A51892A415D}.Release|x86.Build.0 = Release|Win32
		{4A25E1EB-E7CE-4E04-9991-E4567F61B280}.Debug|x64.ActiveCfg = Debug|x64
		{4A25E1EB-E7CE-4E04-9991-E4567F61B280}.Debug|x64.Build.0 = Debug|x64
		{4A25E1EB-E7CE-4E04-9991-E4567F61B280}.Debug|x86.ActiveCfg = Debug|Win32
		{4A25E1EB-E7CE-4E04-9991-E4567F61B280}.Debug|x86.Build.0 = Debug|Win32
		{4A25E1EB-E7CE-4E04-9991-E4567F61B280}.Release|x64.ActiveCfg = Release|x64
		{4A25E1EB-E7CE-4E04-9991-E4567F61B280}.Release|x64.Build.0 = Release|x64
		{4A25E1EB-E7CE-4E04-9991-E4567F61B280}.Release|x86.ActiveCfg = Release|Win32
		{4A25E1EB-E7CE-4E04-9991-E4567F61B280}.Release|x86.Build.0 = Release|Win32
		{CAA7E563-922C-4EDF-A916-F1106C7C6F9D}.Debug|x64.ActiveCfg = Debug|x64
		{CAA7E563-922C-4EDF-A916-F1106C7C6F9D}.Debug|x64.Build.0 = Debug|x64
		{CAA7E563-922C-4EDF-A916-F1106C7C6F9D}.Debug|x86.ActiveCfg = Debug|Win32
		{CAA7E563-922C-4EDF-A916-F1106C7C6F9D}.Debug|x86.Build.0 = Debug|Win32
		{CAA7E563-922C-4EDF-A916-F1106C7C6F9D}.Release|x64.ActiveCfg = Release|x64
		{CAA7E563-922C-4EDF-A916-F1106C7C6F9D}.Release|x64.Build.0 = Release|x64
		{CAA7E563-922C-4EDF-A916-F1106C7C6F9D}.Release|x86.ActiveCfg = Release|Win32
		{CAA7E563-922C-4EDF-A916-F1106C7C6F9D}.Release|x86.Build.0 = Release|Win32
		{1C0E0B03-7A0F-4926-95C7-5B0DF5147254}.Debug|x64.ActiveCfg = Debug|x64
		{1C0E0B03-7A0F-4926-95C7-5B0DF5147254}.Debug|x64.Build.0 = Debug|x64
		{1C0E0B03-7A0F-4926-95C7-5B0DF5147254}.Debug|x86.ActiveCfg = Debug|Win32
		{1C0E0B03-7A0F-4926-95C7-5B0DF5147254}.Debug|x86.Build.0 = Debug|Win32
		{1C0E0B03-7A0F-4926-95C7-5B0DF5147254}.Release|x64.ActiveCfg = Release|x64
		{1C0E0B03-7A0F-4926-95C7-5B0DF5147254}.Release|x64.Build.0 = Release|x64
		{1C0E0B03-7A0F-4926-95C7-5B0DF5147254}.Release|x86.ActiveCfg = Release|Win32
		{1C0E0B03-7A0F-4926-95C7-5B0DF5147254}.Release|x86.Build.0 = Release|Win32
		{8C35CC44-57B5-4A2F-B27B-DD9BEC11E59E}.Debug|x64.ActiveCfg = Debug|x64
		{8C35CC44-57B5-4A2F-B27B-DD9BEC11E59E}.Debug|x64.Build.0 = Debug|x64
		{8C35CC44-57B5-4A2F-B27B-DD9BEC11E59E}.Debug|x86.ActiveCfg = Debug|Win32
		{8C35CC44-57B5-4A2F-B27B-DD9BEC11E59E}.Debug|x86.Build.0 = Debug|Win32
		{8C35CC44-57B5-4A2F-B27B-DD9BEC11E59E}.Release|x64.ActiveCfg = Release|x64
		{8C35CC44-57B5-4A2F-B27B-DD9BEC11E59E}.Release|x64.Build.0 = Release|x64
		{8C35CC44-57B5-4A2F-B27B-DD9BEC11E59E}.Release|x86.ActiveCfg = Release|Win32
		{8C35CC44-57B5-4A2F-B27B-DD9BEC11E59E}.Release|x86.Build.0 = Release|Win32
		{C6DC09BF-D2C3-4896-B979-82A2BC6E77FA}.Debug|x64.ActiveCfg = Debug|x64
		{C6DC09BF-D2C3-4896-B979-82A2BC6E77FA}.Debug|x64.Build.0 = Debug|x64
		{C6DC09BF-D2C3-4896-B979-82A2BC6E77FA}.Debug|x86.ActiveCfg = Debug|Win32
		{C6DC09BF-D2C3-4896-B979-82A2BC6E77FA}.Debug|x86.Build.0 = Debug|Win32
		{C6DC09BF-D2C3-4896-B979-82A2BC6E77FA}.Release|x64.ActiveCfg = Release|x64
		{C6DC09BF-D2C3-4896-B979-82A2BC6E77FA}.Release|x64.Build.0 = Release|x64
		{C6DC09BF-D2C3-4896-B979-82A2BC6E77FA}.Release|x86.ActiveCfg = Release|Win32
		{C6DC09BF-D2C3-4896-B979-82A2BC6E77FA}.Release|x86.Build.0 = Release|Win32
		{FACC08CB-1CD1-420C-93B6-76BC5F89725C}.Debug|x64.ActiveCfg = Debug|x64
		{FACC08CB-1CD1-420C-93B6-76BC5F89725C}.Debug|x64.Build.0 = Debug|x64
		{FACC08CB-1CD1-420C-93B6-76BC5F89725C}.Debug|x86.ActiveCfg = Debug|Win32
		{FACC08CB-1CD1-420C-93B6-76BC5F89725C}.Debug|x86.Build.0 = Debug|Win32
		{FACC08CB-1CD1-420C-93B6-76BC5F89725C}.Release|x64.ActiveCfg = Release|x64
		{FACC08CB-1CD1-420C-93B6-76BC5F89725C}.Release|x64.Build.0 = Release|x64
		{FACC08CB-1CD1-420C-93B6-76BC5F89725C}.Release|x86.ActiveCfg = Release|Win32
		{FACC08CB-1CD1-420C-93B6-76BC5F89725C}.Release|x86.Build.0 = Release|Win32
		{A46E44F6-EC2D-4A33-BC9B-78CFA62125B2}.Debug|x64.ActiveCfg = Debug|x64
		{A46E44F6-EC2D-4A33-BC9B-78CFA62125B2}.Debug|x64.Build.0 = Debug|x64
		{A46E44F6-EC2D-4A33-BC9B-78CFA62125B2}.Debug|x86.ActiveCfg = Debug|Win32
		{A46E44F6-EC2D-4A33-BC9B-78CFA62125B2}.Debug|x86.Build.0 = Debug|Win32
		{A46E44F6-EC2D-4A33-BC9B-78CFA62125B2}.Release|x64.ActiveCfg = Release|x64
		{A46E44F6-EC2D-4A33-BC9B-78CFA62125B2}.Release|x64.Build.0 = Release|x64
		{A46E44F6-EC2D-4A33-BC9B-78CFA62125B2}.Release|x86.ActiveCfg = Release|Win32
		{A46E44F6-EC2D-4A33-BC9B-78CFA62125B2}.Release|x86.Build.0 = Release|Win32
		{0F3784C1-469A-46B9-9636-DD19BA624CCF}.Debug|x64.ActiveCfg = Debug|x64
		{0F3784C1-469A-46B9-9636-DD19BA624CCF}.Debug|x64.Build.0 = Debug|x64
		{0F3784C1-469A-46B9-9636-DD19BA624CCF}.Debug|x86.ActiveCfg = Debug|Win32
		{0F3784C1-469A-46B9-9636-DD19BA624CCF}.Debug|x86.Build.0 = Debug|Win32
		{0F3784C1-469A-46B9-9636-DD19BA624CCF}.Release|x64.ActiveCfg = Release|x64
		{0F3784C1-469A-46B9-9636-DD19BA624CCF}.Release|x64.Build.0 = Release|x64
		{0F3784C1-469A-46B9-9636-DD19BA624CCF}.Release|x86.ActiveCfg = Release|Win32
		{0F3784C1-469A-46B9-9636-DD19BA624CCF}.Release|x86.Build.0 = Release|Win32
		{26D8F383-155C-4BA0-A171-72AC18CA6935}.Debug|x64.ActiveCfg = Debug|x64
		{26D8F383-155C-4BA0-A171-72AC18CA6935}.Debug|x64.Build.0 = Debug|x64
		{26D8F383-155C-4BA0-A171-72AC18CA6935}.Debug|x86.ActiveCfg = Debug|Win32
		{26D8F383-155C-4BA0-A171-72AC18CA6935}.Debug|x86.Build.0 = Debug|Win32
		{26D8F383-155C-4BA0-A171-72AC18CA6935}.Release|x64.ActiveCfg = Release|x64
		{26D8F383-155C-4BA0-A171-72AC18CA6935}.Release|x64.Build.0 = Release|x64
		{26D8F383-155C-4BA0-A171-72AC18CA6935}.Release|x86.ActiveCfg = Release|Win32
		{26D8F383-155C-4BA0-A171-72AC18CA6935}.Release|x86.Build.0 = Release|Win32
		{0322CF19-93D6-404A-9406-D9E5382C3E6C}.Debug|x64.ActiveCfg = Debug|x64
		{0322CF19-93D6-404A-9406-D9E5382C3E6C}.Debug|x64.Build.0 = Debug|x64
		{0322CF19-93D6-404A-9406-D9E5382C3E6C}.Debug|x86.ActiveCfg = Debug|Win32
		{0322CF19-93D6-404A-9406-D9E5382C3E6C}.Debug|x86.Build.0 = Debug|Win32
		{0322CF19-93D6-404A-9406-D9E5382C3E6C}.Release|x64.ActiveCfg = Release|x64
		{0322CF19-93D6-404A-9406-D9E5382C3E6C}.Release|x64.Build.0 = Release|x64
		{0322CF19-93D6-404A-9406-D9E5382C3E6C}.Release|x86.ActiveCfg = Release|Win32
		{0322CF19-93D6-404A-9406-D9E5382C3E6C}.Release|x86.Build.0 = Release|Win32
		{320809D2-4B65-4BFF-88E3-11EE5ABC6A21}.Debug|x64.ActiveCfg = Debug|x64
		{320809D2-4B65-4BFF-88E3-11EE5ABC6A21}.Debug|x64.Build.0 = Debug|x64
		{320809D2-4B65-4BFF-88E3-11EE5ABC6A21}.Debug|x86.ActiveCfg = Debug|Win32
		{320809D2-4B65-4BFF-88E3-11EE5ABC6A21}.Debug|x86.Build.0 = Debug|Win32
		{320809D2-4B65-4BFF-88E3-11EE5ABC6A21}.Release|x64.ActiveCfg = Release|x64
		{320809D2-4B65-4BFF-88E3-11EE5ABC6A21}.Release|x64.Build.0 = Release|x64
		{320809D2-4B65-4BFF-88E3-11EE5ABC6A21}.Release|x86.ActiveCfg = Release|Win32
		{320809D2-4B65-4BFF-88E3-11EE5ABC6A21}.Release|x86.Build.0 = Release|Win32
		{6230211B-40DB-4A37-8651-7ADE41A7AD31}.Debug|x64.ActiveCfg = Debug|x64
		{6230211B-40DB-4A37-8651-7ADE41A7AD31}.Debug|x64.Build.0 = Debug|x64
		{6230211B-40DB-4A37-8651-7ADE41A7AD31}.Debug|x86.ActiveCfg = Debug|Win32
		{6230211B-40DB-4A37-8651-7ADE41A7AD31}.Debug|x86.Build.0 = Debug|Win32
		{6230211B-40DB-4A37-8651-7ADE41A7AD31}.Release|x64.ActiveCfg = Release|x64
		{6230211B-40DB-4A37-8651-7ADE41A7AD31}.Release|x64.Build.0 = Release|x64
		{6230211B-40DB-4A37-8651-7ADE41A7AD31}.Release|x86.ActiveCfg = Release|Win32
		{6230211B-40DB-4A37-8651-7ADE41A7AD31}.Release|x86.Build.0 = Release|Win32
		{EA3EDBA3-9572-4F44-9F4F-E60CA6F44B5D}.Debug|x64.ActiveCfg = Debug|x64
		{EA3EDBA3-9572-4F44-9F4F-E60CA6F44B5D}.Debug|x64.Build.0 = Debug|x64
		{EA3EDBA3-9572-4F44-9F4F-E60CA6F44B5D}.Debug|x86.ActiveCfg = Debug|Win32
		{EA3EDBA3-9572-4F44-9F4F-E60CA6F44B5D}.Debug|x86.Build.0 = Debug|Win32
		{EA3EDBA3-9572-4F44-9F4F-E60CA6F44B5D}.Release|x64.ActiveCfg = Release|x64
		{EA3EDBA3-9572-4F44-9F4F-E60CA6F44B5D}.Release|x64.Build.0 = Release|x64
		{EA3EDBA3-9572-4F44-9F4F-E60CA6F44B5D}.Release|x86.ActiveCfg = Release|Win32
		{EA3EDBA3-9572-4F44-9F4F-E60CA6F44B5D}.Release|x86.Build.0 = Release|Win32
		{73CA8DA1-46CA-49F3-88CD-D429DF8D3D6F}.Debug|x64.ActiveCfg = Debug|x64
		{73CA8DA1-46CA-49F3-88CD-D429DF8D3D6F}.Debug|x64.Build.0 = Debug|x64
		{73CA8DA1-46CA-49F3-88CD-D429DF8D3D6F}.Debug|x86.ActiveCfg = Debug|Win32
		{73CA8DA1-46CA-49F3-88CD-D429DF8D3D6F}.Debug|x86.Build.0 = Debug|Win32
		{73CA8DA1-46CA-49F3-88CD-D429DF8D3D6F}.Release|x64.ActiveCfg = Release|x64
		{73CA8DA1-46CA-49F3-88CD-D429DF8D3D6F}.Release|x64.Build.0 = Release|x64
		{73CA8DA1-46CA-49F3-88CD-D429DF8D3D6F}.Release|x86.ActiveCfg = Release|Win32
		{73CA8DA1-46CA-49F3-88CD-D429DF8D3D6F}.Release|x86.Build.0 = Release|Win32
		{5A8637E1-7466-4CFF-B3D9-F8ED3F0555E7}.Debug|x64.ActiveCfg = Debug|x64
		{5A8637E1-7466-4CFF-B3D9-F8ED3F0555E7}.Debug|x64.Build.0 = Debug|x64
		{5A8637E1-7466-4CFF-B3D9-F8ED3F0555E7}.Debug|x86.ActiveCfg = Debug|Win32
		{5A8637E1-7466-4CFF-B3D9-F8ED3F0555E7}.Debug|x86.Build.0 = Debug|Win32
		{5A8637E1-7466-4CFF-B3D9-F8ED3F0555E7}.Release|x64.ActiveCfg = Release|x64
		{5A8637E1-7466-4CFF-B3D9-F8ED3F0555E7}.Release|x64.Build.0 = Release|x64
		{5A8637E1-7466-4CFF-B3D9-F8ED3F0555E7}.Release|x86.ActiveCfg = Release|Win32
		{5A8637E1-7466-4CFF-B3D9-F8ED3F0555E7}.Release|x86.Build.0 = Release|Win32
		{ADA289CC-5223-4FCB-8A50-E821D3A5F0D7}.Debug|x64.ActiveCfg = Debug|x64
		{ADA289CC-5223-4FCB-8A50-E821D3A5F0D7}.Debug|x64.Build.0 = Debug|x64
		{ADA289CC-5223-4FCB-8A50-E821D3A5F0D7}.Debug|x86.ActiveCfg = Debug|Win32
		{ADA289CC-5223-4FCB-8A50-E821D3A5F0D7}.Debug|x86.Build.0 = Debug|Win32
		{ADA289CC-5223-4FCB-8A50-E821D3A5F0D7}.Release|x64.ActiveCfg = Release|x64
		{ADA289CC-5223-4FCB-8A50-E821D3A5F0D7}.Release|x64.Build.0 = Release|x64
		{ADA289CC-5223-4FCB-8A50-E821D3A5F0D7}.Release|x86.ActiveCfg = Release|Win32
		{ADA289CC-5223-4FCB-8A50-E821D3A5F0D7}.Release|x86.Build.0 = Release|Win32
		{BCC7F05E-FC33-498A-9E23-64282EE946B0}.Debug|x64.ActiveCfg = Debug|x64
		{BCC7F05E-FC33-498A-9E23-64282EE946B0}.Debug|x64.Build.0 = Debug|x64
		{BCC7F05E-FC33-498A-9E23-64282EE946B0}.Debug|x86.ActiveCfg = Debug|Win32
		{BCC7F05E-FC33-498A-9E23-64282EE946B0}.Debug|x86.Build.0 = Debug|Win32
		{BCC7F05E-FC33-498A-9E23-64282EE946B0}.Release|x64.ActiveCfg = Release|x64
		{BCC7F05E-FC33-498A-9E23-64282EE946B0}.Release|x64.Build.0 = Release|x64
		{BCC7F05E-FC33-498A-9E23-64282EE946B0}.Release|x86.ActiveCfg = Release|Win32
		{BCC7F05E-FC33-498A-9E23-64282EE946B0}.Release|x86.Build.0 = Release|Win32
		{A8D7B7F1-166C-408B-871A-34F017A2ECD5}.Debug|x64.ActiveCfg = Debug|x64
		{A8D7B7F1-166C-408B-871A-34F017A2ECD5}.Debug|x64.Build.0 = Debug|x64
		{A8D7B7F1-166C-408B-871A-34F017A2ECD5}.Debug|x86.ActiveCfg = Debug|Win32
		{A8D7B7F1-166C-408B-871A-34F017A2ECD5}.Debug|x86.Build.0 = Debug|Win32
		{A8D7B7F1-166C-408B-871A-34F017A2ECD5}.Release|x64.ActiveCfg = Release|x64
		{A8D7B7F1-166C-408B-871A-34F017A2ECD5}.Release|x64.Build.0 = Release|x64
		{A8D7B7F1-166C-408B-871A-34F017A2ECD5}.Release|x86.ActiveCfg = Release|Win32
		{A8D7B7F1-166C-408B-871A-34F017A2ECD5}.Release|x86.Build.0 = Release|Win32
		{5683DA5E-CB46-4F40-8860-0D0F90E24E3C}.Debug|x64.ActiveCfg = Debug|x64
		{5683DA5E-CB46-4F40-8860-0D0F90E24E3C}.Debug|x64.Build.0 = Debug|x64
		{5683DA5E-CB46-4F40-8860-0D0F90E24E3C}.Debug|x86.ActiveCfg = Debug|Win32
		{5683DA5E-CB46-4F40-8860-0D0F90E24E3C}.Debug|x86.Build.0 = Debug|Win32
		{5683DA5E-CB46-4F40-8860-0D0F90E24E3C}.Release|x64.ActiveCfg = Release|x64
		{5683DA5E-CB46-4F40-8860-0D0F90E24E3C}.Release|x64.Build.0 = Release|x64
		{5683DA5E-CB46-4F40-8860-0D0F90E24E3C}.Release|x86.ActiveCfg = Release|Win32
		{5683DA5E-CB46-4F40-8860-0D0F90E24E3C}.Release|x86.Build.0 = Release|Win32
		{8C9AE743-1332-4313-A2AA-38D1F9437BA9}.Debug|x64.ActiveCfg = Debug|x64
		{8C9AE743-1332-4313-A2AA-38D1F9437BA9}.Debug|x64.Build.0 = Debug|x64
		{8C9AE743-1332-4313-A2AA-38D1F9437BA9}.Debug|x86.ActiveCfg = Debug|Win32
		{8C9AE743-1332-4313-A2AA-38D1F9437BA9}.Debug|x86.Build.0 = Debug|Win32
		{8C9AE743-1332-4313-A2AA-38D1F9437BA9}.Release|x64.ActiveCfg = Release|x64
		{8C9AE743-1332-4313-A2AA-38D1F9437BA9}.Release|x64.Build.0 = Release|x64
		{8C9AE743-1332-4313-A2AA-38D1F9437BA9}.Release|x86.ActiveCfg = Release|Win32
		{8C9AE743-1332-4313-A2AA-38D1F9437BA9}.Release|x86.Build.0 = Release|Win32
		{497077EA-1D1A-4BB8-B17A-9B8B2CA34BC4}.Debug|x64.ActiveCfg = Debug|x64
		{497077EA-1D1A-4BB8-B17A-9B8B2CA34BC4}.Debug|x64.Build.0 = Debug|x64
		{497077EA-1D1A-4BB8-B17A-9B8B2CA34BC4}.Debug|x86.ActiveCfg = Debug|Win32
		{497077EA-1D1A-4BB8-B17A-9B8B2CA34BC4}.Debug|x86.Build.0 = Debug|Win32
		{497077EA-1D1A-4BB8-B17A-9B8B2CA34BC4}.Release|x64.ActiveCfg = Release|x64
		{497077EA-1D1A-4BB8-B17A-9B8B2CA34BC4}.Release|x64.Build.0 = Release|x64
		{497077EA-1D1A-4BB8-B17A-9B8B2CA34BC4}.Release|x86.ActiveCfg = Release|Win32
		{497077EA-1D1A-4BB8-B17A-9B8B2CA34BC4}.Release|x86.Build.0 = Release|Win32
		{46E9AB84-B6F4-4E3D-BC79-1DD23B0EAD7D}.Debug|x64.ActiveCfg = Debug|x64
		{46E9AB84-B6F4-4E3D-BC79-1DD23B0EAD7D}.Debug|x64.Build.0 = Debug|x64
		{46E9AB84-B6F4-4E3D-BC79-1DD23B0EAD7D}.Debug|x86.ActiveCfg = Debug|Win32
		{46E9AB84-B6F4-4E3D-BC79-1DD23B0EAD7D}.Debug|x86.Build.0 = Debug|Win32
		{46E9AB84-B6F4-4E3D-BC79-1DD23B0EAD7D}.Release|x64.ActiveCfg = Release|x64
		{46E9AB84-B6F4-4E3D-BC79-1DD23B0EAD7D}.Release|x64.Build.0 = Release|x64
		{46E9AB84-B6F4-4E3D-BC79-1DD23B0EAD7D}.Release|x86.ActiveCfg = Release|Win32
		{46E9AB84-B6F4-4E3D-BC79-1DD23B0EAD7D}.Release|x86.Build.0 = Release|Win32
		{308F070E-054F-4D66-AC38-C63BEA3C292F}.Debug|x64.ActiveCfg = Debug|x64
		{308F070E-054F-4D66-AC38-C63BEA3C292F}.Debug|x64.Build.0 = Debug|x64
		{308F070E-054F-4D66-AC38-C63BEA3C292F}.Debug|x86.ActiveCfg = Debug|Win32
		{308F070E-054F-4D66-AC38-C63BEA3C292F}.Debug|x86.Build.0 = Debug|Win32
		{308F070E-054F-4D66-AC38-C63BEA3C292F}.Release|x64.ActiveCfg = Release|x64
		{308F070E-054F-4D66-AC38-C63BEA3C292F}.Release|x64.Build.0 = Release|x64
		{308F070E-054F-4D66-AC38-C63BEA3C292F}.Release|x86.ActiveCfg = Release|Win32
		{308F070E-054F-4D66-AC38-C63BEA3C292F}.Release|x86.Build.0 = Release|Win32
		{A103A1B4-2BEA-457D-8287-A6DCAFE3D516}.Debug|x64.ActiveCfg = Debug|x64
		{A103A1B4-2BEA-457D-8287-A6DCAFE3D516}.Debug|x64.Build.0 = Debug|x64
		{A103A1B4-2BEA-457D-8287-A6DCAFE3D516}.Debug|x86.ActiveCfg = Debug|Win32
		{A103A1B4-2BEA-457D-8287-A6DCAFE3D516}.Debug|x86.Build.0 = Debug|Win32
		{A103A1B4-2BEA-457D-8287-A6DCAFE3D516}.Release|x64.ActiveCfg = Release|x64
		{A103A1B4-2BEA-457D-8287-A6DCAFE3D516}.Release|x64.Build.0 = Release|x64
		{A103A1B4-2BEA-457D-8287-A6DCAFE3D516}.Release|x86.ActiveCfg = Release|Win32
		{A103A1B4-2BEA-457D-8287-A6DCAFE3D516}.Release|x86.Build.0 = Release|Win32
		{CBEFFD76-9416-4519-82A3-B7D52DDDC856}.Debug|x64.ActiveCfg = Debug|x64
		{CBEFFD76-9416-4519-82A3-B7D52DDDC856}.Debug|x64.Build.0 = Debug|x64
		{CBEFFD76-9416-4519-82A3-B7D52DDDC856}.Debug|x86.ActiveCfg = Debug|Win32
		{CBEFFD76-9416-4519-82A3-B7D52DDDC856}.Debug|x86.Build.0 = Debug|Win32
		{CBEFFD76-9416-4519-82A3-B7D52DDDC856}.Release|x64.ActiveCfg = Release|x64
		{CBEFFD76-9416-4519-82A3-B7D52DDDC856}.Release|x64.Build.0 = Release|x64
		{CBEFFD76-9416-4519-82A3-B7D52DDDC856}.Release|x86.ActiveCfg = Release|Win32
		{CBEFFD76-9416-4519-82A3-B7D52DDDC856}.Release|x86.Build.0 = Release|Win32
		{8A02CB82-C098-448D-91B4-AAEEB7748751}.Debug|x64.ActiveCfg = Debug|x64
		{8A02CB82-C098-448D-91B4-AAEEB7748751}.Debug|x64.Build.0 = Debug|x64
		{8A02CB82-C098-448D-91B4-AAEEB7748751}.Debug|x86.ActiveCfg = Debug|Win32
		{8A02CB82-C098-448D-91B4-AAEEB7748751}.Debug|x86.Build.0 = Debug|Win32
		{8A02CB82-C098-448D-91B4-AAEEB7748751}.Release|x64.ActiveCfg = Release|x64
		{8A02CB82-C098-448D-91B4-AAEEB7748751}.Release|x64.Build.0 = Release|x64
		{8A02CB82-C098-448D-91B4-AAEEB7748751}.Release|x86.ActiveCfg = Release|Win32
		{8A02CB82-C098-448D-91B4-AAEEB7748751}.Release|x86.Build.0 = Release|Win32
	EndGlobalSection
	GlobalSection(SolutionProperties) = preSolution
		HideSolutionNode = FALSE
	EndGlobalSection
	GlobalSection(ExtensibilityGlobals) = postSolution
		SolutionGuid = {4834D33A-FB99-4B53-8AD9-F69ECDA7157D}
	EndGlobalSection
EndGlobal
