
Microsoft Visual Studio Solution File, Format Version 12.00
# Visual Studio Version 16
VisualStudioVersion = 16.0.35826.135
MinimumVisualStudioVersion = 10.0.40219.1
Project("{8BC9CEB8-8B4A-11D0-8D11-00A0C91BC942}") = "Project1", "Project1\Project1.vcxproj", "{754B2A46-C11D-470F-9ABA-E17DA4DF1C36}"
EndProject
Project("{8BC9CEB8-8B4A-11D0-8D11-00A0C91BC942}") = "1.4 Symbolic Constants", "1.4 Symbolic Constants\1.4 Symbolic Constants.vcxproj", "{2E94D703-08AE-4729-80A0-D1F022301004}"
EndProject
Project("{8BC9CEB8-8B4A-11D0-8D11-00A0C91BC942}") = "1.3 The For Statement", "1.3 The For Statement\1.3 The For Statement.vcxproj", "{B5C2B8FC-5E85-4BF4-A263-A15EA0EA2D70}"
EndProject
Project("{8BC9CEB8-8B4A-11D0-8D11-00A0C91BC942}") = "1.1 Getting Started", "1.1 Getting Started\1.1 Getting Started.vcxproj", "{F78E65A5-47E6-4501-9742-AC39F50264F2}"
EndProject
Project("{8BC9CEB8-8B4A-11D0-8D11-00A0C91BC942}") = "Exercise 1-2", "Exercise 1-2\Exercise 1-2.vcxproj", "{58CFE544-4DCD-4479-BC1E-83FB43274439}"
EndProject
Project("{8BC9CEB8-8B4A-11D0-8D11-00A0C91BC942}") = "1.2 Variables and Arithmetic Expressions", "1.2 Variables and Arithmetic Expressions\1.2 Variables and Arithmetic Expressions.vcxproj", "{13FEEAF1-6A78-4446-A871-0942216C99A3}"
EndProject
Project("{8BC9CEB8-8B4A-11D0-8D11-00A0C91BC942}") = "1.2 Variables and Arithmetic Expression 2", "1.2 Variables and Arithmetic Expression 2\1.2 Variables and Arithmetic Expression 2.vcxproj", "{515B5959-2475-4E6B-82CA-5D872A22CB9C}"
EndProject
Project("{8BC9CEB8-8B4A-11D0-8D11-00A0C91BC942}") = "Exercise 1-4", "Exercise 1-4\Exercise 1-4.vcxproj", "{C68D22C0-C6F6-4707-B54A-69CD1080AB4E}"
EndProject
Project("{8BC9CEB8-8B4A-11D0-8D11-00A0C91BC942}") = "1.2 Variables and Arithmetic Expressions 3", "1.2 Variables and Arithmetic Expressions 3\1.2 Variables and Arithmetic Expressions 3.vcxproj", "{2C9B0F25-1425-4DCA-A201-543CF9C7329F}"
EndProject
Project("{8BC9CEB8-8B4A-11D0-8D11-00A0C91BC942}") = "Exercise 1-5", "Exercise 1-5\Exercise 1-5.vcxproj", "{48822E09-8D78-41BF-911F-44B07F69E370}"
EndProject
Project("{8BC9CEB8-8B4A-11D0-8D11-00A0C91BC942}") = "1.5 Character Input and Output", "1.5 Character Input and Output\1.5 Character Input and Output.vcxproj", "{1C7C7152-17F7-415C-8527-5F08977AF7F7}"
EndProject
Project("{8BC9CEB8-8B4A-11D0-8D11-00A0C91BC942}") = "1.5 Character Input and Output 2", "1.5 Character Input and Output 2\1.5 Character Input and Output 2.vcxproj", "{CA41096C-145C-40DB-B438-9E455DC706FF}"
EndProject
Project("{8BC9CEB8-8B4A-11D0-8D11-00A0C91BC942}") = "1.5.1 File Copying", "1.5.1 File Copying\1.5.1 File Copying.vcxproj", "{5BEB6745-75D5-4E9F-9C1A-5CEE12CC19D5}"
EndProject
Project("{8BC9CEB8-8B4A-11D0-8D11-00A0C91BC942}") = "1.5.1 File Copying 2", "1.5.1 File Copying 2\1.5.1 File Copying 2.vcxproj", "{D9CF8AD4-371E-4DEC-86D3-77F1E3C18455}"
EndProject
Project("{8BC9CEB8-8B4A-11D0-8D11-00A0C91BC942}") = "1.5.1 File Copying 3", "1.5.1 File Copying 3\1.5.1 File Copying 3.vcxproj", "{4476EFF9-22BC-4FE3-9F4D-8C929D1A123B}"
EndProject
Project("{8BC9CEB8-8B4A-11D0-8D11-00A0C91BC942}") = "1.5.1 File Copying 2-2", "1.5.1 File Copying 2-2\1.5.1 File Copying 2-2.vcxproj", "{E0A1905A-4C86-44FF-8DDF-CE71A038FC5E}"
EndProject
Global
	GlobalSection(SolutionConfigurationPlatforms) = preSolution
		Debug|x64 = Debug|x64
		Debug|x86 = Debug|x86
		Release|x64 = Release|x64
		Release|x86 = Release|x86
	EndGlobalSection
	GlobalSection(ProjectConfigurationPlatforms) = postSolution
		{754B2A46-C11D-470F-9ABA-E17DA4DF1C36}.Debug|x64.ActiveCfg = Debug|x64
		{754B2A46-C11D-470F-9ABA-E17DA4DF1C36}.Debug|x64.Build.0 = Debug|x64
		{754B2A46-C11D-470F-9ABA-E17DA4DF1C36}.Debug|x86.ActiveCfg = Debug|Win32
		{754B2A46-C11D-470F-9ABA-E17DA4DF1C36}.Debug|x86.Build.0 = Debug|Win32
		{754B2A46-C11D-470F-9ABA-E17DA4DF1C36}.Release|x64.ActiveCfg = Release|x64
		{754B2A46-C11D-470F-9ABA-E17DA4DF1C36}.Release|x64.Build.0 = Release|x64
		{754B2A46-C11D-470F-9ABA-E17DA4DF1C36}.Release|x86.ActiveCfg = Release|Win32
		{754B2A46-C11D-470F-9ABA-E17DA4DF1C36}.Release|x86.Build.0 = Release|Win32
		{2E94D703-08AE-4729-80A0-D1F022301004}.Debug|x64.ActiveCfg = Debug|x64
		{2E94D703-08AE-4729-80A0-D1F022301004}.Debug|x64.Build.0 = Debug|x64
		{2E94D703-08AE-4729-80A0-D1F022301004}.Debug|x86.ActiveCfg = Debug|Win32
		{2E94D703-08AE-4729-80A0-D1F022301004}.Debug|x86.Build.0 = Debug|Win32
		{2E94D703-08AE-4729-80A0-D1F022301004}.Release|x64.ActiveCfg = Release|x64
		{2E94D703-08AE-4729-80A0-D1F022301004}.Release|x64.Build.0 = Release|x64
		{2E94D703-08AE-4729-80A0-D1F022301004}.Release|x86.ActiveCfg = Release|Win32
		{2E94D703-08AE-4729-80A0-D1F022301004}.Release|x86.Build.0 = Release|Win32
		{B5C2B8FC-5E85-4BF4-A263-A15EA0EA2D70}.Debug|x64.ActiveCfg = Debug|x64
		{B5C2B8FC-5E85-4BF4-A263-A15EA0EA2D70}.Debug|x64.Build.0 = Debug|x64
		{B5C2B8FC-5E85-4BF4-A263-A15EA0EA2D70}.Debug|x86.ActiveCfg = Debug|Win32
		{B5C2B8FC-5E85-4BF4-A263-A15EA0EA2D70}.Debug|x86.Build.0 = Debug|Win32
		{B5C2B8FC-5E85-4BF4-A263-A15EA0EA2D70}.Release|x64.ActiveCfg = Release|x64
		{B5C2B8FC-5E85-4BF4-A263-A15EA0EA2D70}.Release|x64.Build.0 = Release|x64
		{B5C2B8FC-5E85-4BF4-A263-A15EA0EA2D70}.Release|x86.ActiveCfg = Release|Win32
		{B5C2B8FC-5E85-4BF4-A263-A15EA0EA2D70}.Release|x86.Build.0 = Release|Win32
		{F78E65A5-47E6-4501-9742-AC39F50264F2}.Debug|x64.ActiveCfg = Debug|x64
		{F78E65A5-47E6-4501-9742-AC39F50264F2}.Debug|x64.Build.0 = Debug|x64
		{F78E65A5-47E6-4501-9742-AC39F50264F2}.Debug|x86.ActiveCfg = Debug|Win32
		{F78E65A5-47E6-4501-9742-AC39F50264F2}.Debug|x86.Build.0 = Debug|Win32
		{F78E65A5-47E6-4501-9742-AC39F50264F2}.Release|x64.ActiveCfg = Release|x64
		{F78E65A5-47E6-4501-9742-AC39F50264F2}.Release|x64.Build.0 = Release|x64
		{F78E65A5-47E6-4501-9742-AC39F50264F2}.Release|x86.ActiveCfg = Release|Win32
		{F78E65A5-47E6-4501-9742-AC39F50264F2}.Release|x86.Build.0 = Release|Win32
		{58CFE544-4DCD-4479-BC1E-83FB43274439}.Debug|x64.ActiveCfg = Debug|x64
		{58CFE544-4DCD-4479-BC1E-83FB43274439}.Debug|x64.Build.0 = Debug|x64
		{58CFE544-4DCD-4479-BC1E-83FB43274439}.Debug|x86.ActiveCfg = Debug|Win32
		{58CFE544-4DCD-4479-BC1E-83FB43274439}.Debug|x86.Build.0 = Debug|Win32
		{58CFE544-4DCD-4479-BC1E-83FB43274439}.Release|x64.ActiveCfg = Release|x64
		{58CFE544-4DCD-4479-BC1E-83FB43274439}.Release|x64.Build.0 = Release|x64
		{58CFE544-4DCD-4479-BC1E-83FB43274439}.Release|x86.ActiveCfg = Release|Win32
		{58CFE544-4DCD-4479-BC1E-83FB43274439}.Release|x86.Build.0 = Release|Win32
		{13FEEAF1-6A78-4446-A871-0942216C99A3}.Debug|x64.ActiveCfg = Debug|x64
		{13FEEAF1-6A78-4446-A871-0942216C99A3}.Debug|x64.Build.0 = Debug|x64
		{13FEEAF1-6A78-4446-A871-0942216C99A3}.Debug|x86.ActiveCfg = Debug|Win32
		{13FEEAF1-6A78-4446-A871-0942216C99A3}.Debug|x86.Build.0 = Debug|Win32
		{13FEEAF1-6A78-4446-A871-0942216C99A3}.Release|x64.ActiveCfg = Release|x64
		{13FEEAF1-6A78-4446-A871-0942216C99A3}.Release|x64.Build.0 = Release|x64
		{13FEEAF1-6A78-4446-A871-0942216C99A3}.Release|x86.ActiveCfg = Release|Win32
		{13FEEAF1-6A78-4446-A871-0942216C99A3}.Release|x86.Build.0 = Release|Win32
		{515B5959-2475-4E6B-82CA-5D872A22CB9C}.Debug|x64.ActiveCfg = Debug|x64
		{515B5959-2475-4E6B-82CA-5D872A22CB9C}.Debug|x64.Build.0 = Debug|x64
		{515B5959-2475-4E6B-82CA-5D872A22CB9C}.Debug|x86.ActiveCfg = Debug|Win32
		{515B5959-2475-4E6B-82CA-5D872A22CB9C}.Debug|x86.Build.0 = Debug|Win32
		{515B5959-2475-4E6B-82CA-5D872A22CB9C}.Release|x64.ActiveCfg = Release|x64
		{515B5959-2475-4E6B-82CA-5D872A22CB9C}.Release|x64.Build.0 = Release|x64
		{515B5959-2475-4E6B-82CA-5D872A22CB9C}.Release|x86.ActiveCfg = Release|Win32
		{515B5959-2475-4E6B-82CA-5D872A22CB9C}.Release|x86.Build.0 = Release|Win32
		{C68D22C0-C6F6-4707-B54A-69CD1080AB4E}.Debug|x64.ActiveCfg = Debug|x64
		{C68D22C0-C6F6-4707-B54A-69CD1080AB4E}.Debug|x64.Build.0 = Debug|x64
		{C68D22C0-C6F6-4707-B54A-69CD1080AB4E}.Debug|x86.ActiveCfg = Debug|Win32
		{C68D22C0-C6F6-4707-B54A-69CD1080AB4E}.Debug|x86.Build.0 = Debug|Win32
		{C68D22C0-C6F6-4707-B54A-69CD1080AB4E}.Release|x64.ActiveCfg = Release|x64
		{C68D22C0-C6F6-4707-B54A-69CD1080AB4E}.Release|x64.Build.0 = Release|x64
		{C68D22C0-C6F6-4707-B54A-69CD1080AB4E}.Release|x86.ActiveCfg = Release|Win32
		{C68D22C0-C6F6-4707-B54A-69CD1080AB4E}.Release|x86.Build.0 = Release|Win32
		{2C9B0F25-1425-4DCA-A201-543CF9C7329F}.Debug|x64.ActiveCfg = Debug|x64
		{2C9B0F25-1425-4DCA-A201-543CF9C7329F}.Debug|x64.Build.0 = Debug|x64
		{2C9B0F25-1425-4DCA-A201-543CF9C7329F}.Debug|x86.ActiveCfg = Debug|Win32
		{2C9B0F25-1425-4DCA-A201-543CF9C7329F}.Debug|x86.Build.0 = Debug|Win32
		{2C9B0F25-1425-4DCA-A201-543CF9C7329F}.Release|x64.ActiveCfg = Release|x64
		{2C9B0F25-1425-4DCA-A201-543CF9C7329F}.Release|x64.Build.0 = Release|x64
		{2C9B0F25-1425-4DCA-A201-543CF9C7329F}.Release|x86.ActiveCfg = Release|Win32
		{2C9B0F25-1425-4DCA-A201-543CF9C7329F}.Release|x86.Build.0 = Release|Win32
		{48822E09-8D78-41BF-911F-44B07F69E370}.Debug|x64.ActiveCfg = Debug|x64
		{48822E09-8D78-41BF-911F-44B07F69E370}.Debug|x64.Build.0 = Debug|x64
		{48822E09-8D78-41BF-911F-44B07F69E370}.Debug|x86.ActiveCfg = Debug|Win32
		{48822E09-8D78-41BF-911F-44B07F69E370}.Debug|x86.Build.0 = Debug|Win32
		{48822E09-8D78-41BF-911F-44B07F69E370}.Release|x64.ActiveCfg = Release|x64
		{48822E09-8D78-41BF-911F-44B07F69E370}.Release|x64.Build.0 = Release|x64
		{48822E09-8D78-41BF-911F-44B07F69E370}.Release|x86.ActiveCfg = Release|Win32
		{48822E09-8D78-41BF-911F-44B07F69E370}.Release|x86.Build.0 = Release|Win32
		{1C7C7152-17F7-415C-8527-5F08977AF7F7}.Debug|x64.ActiveCfg = Debug|x64
		{1C7C7152-17F7-415C-8527-5F08977AF7F7}.Debug|x64.Build.0 = Debug|x64
		{1C7C7152-17F7-415C-8527-5F08977AF7F7}.Debug|x86.ActiveCfg = Debug|Win32
		{1C7C7152-17F7-415C-8527-5F08977AF7F7}.Debug|x86.Build.0 = Debug|Win32
		{1C7C7152-17F7-415C-8527-5F08977AF7F7}.Release|x64.ActiveCfg = Release|x64
		{1C7C7152-17F7-415C-8527-5F08977AF7F7}.Release|x64.Build.0 = Release|x64
		{1C7C7152-17F7-415C-8527-5F08977AF7F7}.Release|x86.ActiveCfg = Release|Win32
		{1C7C7152-17F7-415C-8527-5F08977AF7F7}.Release|x86.Build.0 = Release|Win32
		{CA41096C-145C-40DB-B438-9E455DC706FF}.Debug|x64.ActiveCfg = Debug|x64
		{CA41096C-145C-40DB-B438-9E455DC706FF}.Debug|x64.Build.0 = Debug|x64
		{CA41096C-145C-40DB-B438-9E455DC706FF}.Debug|x86.ActiveCfg = Debug|Win32
		{CA41096C-145C-40DB-B438-9E455DC706FF}.Debug|x86.Build.0 = Debug|Win32
		{CA41096C-145C-40DB-B438-9E455DC706FF}.Release|x64.ActiveCfg = Release|x64
		{CA41096C-145C-40DB-B438-9E455DC706FF}.Release|x64.Build.0 = Release|x64
		{CA41096C-145C-40DB-B438-9E455DC706FF}.Release|x86.ActiveCfg = Release|Win32
		{CA41096C-145C-40DB-B438-9E455DC706FF}.Release|x86.Build.0 = Release|Win32
		{5BEB6745-75D5-4E9F-9C1A-5CEE12CC19D5}.Debug|x64.ActiveCfg = Debug|x64
		{5BEB6745-75D5-4E9F-9C1A-5CEE12CC19D5}.Debug|x64.Build.0 = Debug|x64
		{5BEB6745-75D5-4E9F-9C1A-5CEE12CC19D5}.Debug|x86.ActiveCfg = Debug|Win32
		{5BEB6745-75D5-4E9F-9C1A-5CEE12CC19D5}.Debug|x86.Build.0 = Debug|Win32
		{5BEB6745-75D5-4E9F-9C1A-5CEE12CC19D5}.Release|x64.ActiveCfg = Release|x64
		{5BEB6745-75D5-4E9F-9C1A-5CEE12CC19D5}.Release|x64.Build.0 = Release|x64
		{5BEB6745-75D5-4E9F-9C1A-5CEE12CC19D5}.Release|x86.ActiveCfg = Release|Win32
		{5BEB6745-75D5-4E9F-9C1A-5CEE12CC19D5}.Release|x86.Build.0 = Release|Win32
		{D9CF8AD4-371E-4DEC-86D3-77F1E3C18455}.Debug|x64.ActiveCfg = Debug|x64
		{D9CF8AD4-371E-4DEC-86D3-77F1E3C18455}.Debug|x64.Build.0 = Debug|x64
		{D9CF8AD4-371E-4DEC-86D3-77F1E3C18455}.Debug|x86.ActiveCfg = Debug|Win32
		{D9CF8AD4-371E-4DEC-86D3-77F1E3C18455}.Debug|x86.Build.0 = Debug|Win32
		{D9CF8AD4-371E-4DEC-86D3-77F1E3C18455}.Release|x64.ActiveCfg = Release|x64
		{D9CF8AD4-371E-4DEC-86D3-77F1E3C18455}.Release|x64.Build.0 = Release|x64
		{D9CF8AD4-371E-4DEC-86D3-77F1E3C18455}.Release|x86.ActiveCfg = Release|Win32
		{D9CF8AD4-371E-4DEC-86D3-77F1E3C18455}.Release|x86.Build.0 = Release|Win32
		{4476EFF9-22BC-4FE3-9F4D-8C929D1A123B}.Debug|x64.ActiveCfg = Debug|x64
		{4476EFF9-22BC-4FE3-9F4D-8C929D1A123B}.Debug|x64.Build.0 = Debug|x64
		{4476EFF9-22BC-4FE3-9F4D-8C929D1A123B}.Debug|x86.ActiveCfg = Debug|Win32
		{4476EFF9-22BC-4FE3-9F4D-8C929D1A123B}.Debug|x86.Build.0 = Debug|Win32
		{4476EFF9-22BC-4FE3-9F4D-8C929D1A123B}.Release|x64.ActiveCfg = Release|x64
		{4476EFF9-22BC-4FE3-9F4D-8C929D1A123B}.Release|x64.Build.0 = Release|x64
		{4476EFF9-22BC-4FE3-9F4D-8C929D1A123B}.Release|x86.ActiveCfg = Release|Win32
		{4476EFF9-22BC-4FE3-9F4D-8C929D1A123B}.Release|x86.Build.0 = Release|Win32
		{E0A1905A-4C86-44FF-8DDF-CE71A038FC5E}.Debug|x64.ActiveCfg = Debug|x64
		{E0A1905A-4C86-44FF-8DDF-CE71A038FC5E}.Debug|x64.Build.0 = Debug|x64
		{E0A1905A-4C86-44FF-8DDF-CE71A038FC5E}.Debug|x86.ActiveCfg = Debug|Win32
		{E0A1905A-4C86-44FF-8DDF-CE71A038FC5E}.Debug|x86.Build.0 = Debug|Win32
		{E0A1905A-4C86-44FF-8DDF-CE71A038FC5E}.Release|x64.ActiveCfg = Release|x64
		{E0A1905A-4C86-44FF-8DDF-CE71A038FC5E}.Release|x64.Build.0 = Release|x64
		{E0A1905A-4C86-44FF-8DDF-CE71A038FC5E}.Release|x86.ActiveCfg = Release|Win32
		{E0A1905A-4C86-44FF-8DDF-CE71A038FC5E}.Release|x86.Build.0 = Release|Win32
	EndGlobalSection
	GlobalSection(SolutionProperties) = preSolution
		HideSolutionNode = FALSE
	EndGlobalSection
	GlobalSection(ExtensibilityGlobals) = postSolution
		SolutionGuid = {4834D33A-FB99-4B53-8AD9-F69ECDA7157D}
	EndGlobalSection
EndGlobal
